// !$*UTF8*$!
{
	archiveVersion = 1;
	classes = {
	};
	objectVersion = 55;
	objects = {

/* Begin PBXBuildFile section */
		BD5FDCD628A56F0D004F1CDD /* AppDelegate.swift in Sources */ = {isa = PBXBuildFile; fileRef = BD5FDCD528A56F0D004F1CDD /* AppDelegate.swift */; };
		BD5FDCD828A56F0D004F1CDD /* SceneDelegate.swift in Sources */ = {isa = PBXBuildFile; fileRef = BD5FDCD728A56F0D004F1CDD /* SceneDelegate.swift */; };
		BD5FDCDA28A56F0D004F1CDD /* ViewController.swift in Sources */ = {isa = PBXBuildFile; fileRef = BD5FDCD928A56F0D004F1CDD /* ViewController.swift */; };
		BD5FDCDD28A56F0D004F1CDD /* Main.storyboard in Resources */ = {isa = PBXBuildFile; fileRef = BD5FDCDB28A56F0D004F1CDD /* Main.storyboard */; };
		BD5FDCE028A56F0D004F1CDD /* MiniProject2.xcdatamodeld in Sources */ = {isa = PBXBuildFile; fileRef = BD5FDCDE28A56F0D004F1CDD /* MiniProject2.xcdatamodeld */; };
		BD5FDCE228A56F0F004F1CDD /* Assets.xcassets in Resources */ = {isa = PBXBuildFile; fileRef = BD5FDCE128A56F0F004F1CDD /* Assets.xcassets */; };
		BD5FDCE528A56F0F004F1CDD /* LaunchScreen.storyboard in Resources */ = {isa = PBXBuildFile; fileRef = BD5FDCE328A56F0F004F1CDD /* LaunchScreen.storyboard */; };
		BD5FDCF028A56F0F004F1CDD /* MiniProject2Tests.swift in Sources */ = {isa = PBXBuildFile; fileRef = BD5FDCEF28A56F0F004F1CDD /* MiniProject2Tests.swift */; };
		BD5FDCFA28A56F0F004F1CDD /* MiniProject2UITests.swift in Sources */ = {isa = PBXBuildFile; fileRef = BD5FDCF928A56F0F004F1CDD /* MiniProject2UITests.swift */; };
		BD5FDCFC28A56F0F004F1CDD /* MiniProject2UITestsLaunchTests.swift in Sources */ = {isa = PBXBuildFile; fileRef = BD5FDCFB28A56F0F004F1CDD /* MiniProject2UITestsLaunchTests.swift */; };
		BD5FDD0928A57038004F1CDD /* ViewController2.swift in Sources */ = {isa = PBXBuildFile; fileRef = BD5FDD0828A57038004F1CDD /* ViewController2.swift */; };
		BD5FDD0B28A57072004F1CDD /* ViewController3.swift in Sources */ = {isa = PBXBuildFile; fileRef = BD5FDD0A28A57072004F1CDD /* ViewController3.swift */; };
		BD5FDD0D28A5709B004F1CDD /* ViewController4.swift in Sources */ = {isa = PBXBuildFile; fileRef = BD5FDD0C28A5709B004F1CDD /* ViewController4.swift */; };
/* End PBXBuildFile section */

/* Begin PBXContainerItemProxy section */
		BD5FDCEC28A56F0F004F1CDD /* PBXContainerItemProxy */ = {
			isa = PBXContainerItemProxy;
			containerPortal = BD5FDCCA28A56F0D004F1CDD /* Project object */;
			proxyType = 1;
			remoteGlobalIDString = BD5FDCD128A56F0D004F1CDD;
			remoteInfo = MiniProject2;
		};
		BD5FDCF628A56F0F004F1CDD /* PBXContainerItemProxy */ = {
			isa = PBXContainerItemProxy;
			containerPortal = BD5FDCCA28A56F0D004F1CDD /* Project object */;
			proxyType = 1;
			remoteGlobalIDString = BD5FDCD128A56F0D004F1CDD;
			remoteInfo = MiniProject2;
		};
/* End PBXContainerItemProxy section */

/* Begin PBXFileReference section */
		BD5FDCD228A56F0D004F1CDD /* MiniProject2.app */ = {isa = PBXFileReference; explicitFileType = wrapper.application; includeInIndex = 0; path = MiniProject2.app; sourceTree = BUILT_PRODUCTS_DIR; };
		BD5FDCD528A56F0D004F1CDD /* AppDelegate.swift */ = {isa = PBXFileReference; lastKnownFileType = sourcecode.swift; path = AppDelegate.swift; sourceTree = "<group>"; };
		BD5FDCD728A56F0D004F1CDD /* SceneDelegate.swift */ = {isa = PBXFileReference; lastKnownFileType = sourcecode.swift; path = SceneDelegate.swift; sourceTree = "<group>"; };
		BD5FDCD928A56F0D004F1CDD /* ViewController.swift */ = {isa = PBXFileReference; lastKnownFileType = sourcecode.swift; path = ViewController.swift; sourceTree = "<group>"; };
		BD5FDCDC28A56F0D004F1CDD /* Base */ = {isa = PBXFileReference; lastKnownFileType = file.storyboard; name = Base; path = Base.lproj/Main.storyboard; sourceTree = "<group>"; };
		BD5FDCDF28A56F0D004F1CDD /* MiniProject2.xcdatamodel */ = {isa = PBXFileReference; lastKnownFileType = wrapper.xcdatamodel; path = MiniProject2.xcdatamodel; sourceTree = "<group>"; };
		BD5FDCE128A56F0F004F1CDD /* Assets.xcassets */ = {isa = PBXFileReference; lastKnownFileType = folder.assetcatalog; path = Assets.xcassets; sourceTree = "<group>"; };
		BD5FDCE428A56F0F004F1CDD /* Base */ = {isa = PBXFileReference; lastKnownFileType = file.storyboard; name = Base; path = Base.lproj/LaunchScreen.storyboard; sourceTree = "<group>"; };
		BD5FDCE628A56F0F004F1CDD /* Info.plist */ = {isa = PBXFileReference; lastKnownFileType = text.plist.xml; path = Info.plist; sourceTree = "<group>"; };
		BD5FDCEB28A56F0F004F1CDD /* MiniProject2Tests.xctest */ = {isa = PBXFileReference; explicitFileType = wrapper.cfbundle; includeInIndex = 0; path = MiniProject2Tests.xctest; sourceTree = BUILT_PRODUCTS_DIR; };
		BD5FDCEF28A56F0F004F1CDD /* MiniProject2Tests.swift */ = {isa = PBXFileReference; lastKnownFileType = sourcecode.swift; path = MiniProject2Tests.swift; sourceTree = "<group>"; };
		BD5FDCF528A56F0F004F1CDD /* MiniProject2UITests.xctest */ = {isa = PBXFileReference; explicitFileType = wrapper.cfbundle; includeInIndex = 0; path = MiniProject2UITests.xctest; sourceTree = BUILT_PRODUCTS_DIR; };
		BD5FDCF928A56F0F004F1CDD /* MiniProject2UITests.swift */ = {isa = PBXFileReference; lastKnownFileType = sourcecode.swift; path = MiniProject2UITests.swift; sourceTree = "<group>"; };
		BD5FDCFB28A56F0F004F1CDD /* MiniProject2UITestsLaunchTests.swift */ = {isa = PBXFileReference; lastKnownFileType = sourcecode.swift; path = MiniProject2UITestsLaunchTests.swift; sourceTree = "<group>"; };
		BD5FDD0828A57038004F1CDD /* ViewController2.swift */ = {isa = PBXFileReference; lastKnownFileType = sourcecode.swift; path = ViewController2.swift; sourceTree = "<group>"; };
		BD5FDD0A28A57072004F1CDD /* ViewController3.swift */ = {isa = PBXFileReference; lastKnownFileType = sourcecode.swift; path = ViewController3.swift; sourceTree = "<group>"; };
		BD5FDD0C28A5709B004F1CDD /* ViewController4.swift */ = {isa = PBXFileReference; lastKnownFileType = sourcecode.swift; path = ViewController4.swift; sourceTree = "<group>"; };
/* End PBXFileReference section */

/* Begin PBXFrameworksBuildPhase section */
		BD5FDCCF28A56F0D004F1CDD /* Frameworks */ = {
			isa = PBXFrameworksBuildPhase;
			buildActionMask = 2147483647;
			files = (
			);
			runOnlyForDeploymentPostprocessing = 0;
		};
		BD5FDCE828A56F0F004F1CDD /* Frameworks */ = {
			isa = PBXFrameworksBuildPhase;
			buildActionMask = 2147483647;
			files = (
			);
			runOnlyForDeploymentPostprocessing = 0;
		};
		BD5FDCF228A56F0F004F1CDD /* Frameworks */ = {
			isa = PBXFrameworksBuildPhase;
			buildActionMask = 2147483647;
			files = (
			);
			runOnlyForDeploymentPostprocessing = 0;
		};
/* End PBXFrameworksBuildPhase section */

/* Begin PBXGroup section */
		BD5FDCC928A56F0D004F1CDD = {
			isa = PBXGroup;
			children = (
				BD5FDCD428A56F0D004F1CDD /* MiniProject2 */,
				BD5FDCEE28A56F0F004F1CDD /* MiniProject2Tests */,
				BD5FDCF828A56F0F004F1CDD /* MiniProject2UITests */,
				BD5FDCD328A56F0D004F1CDD /* Products */,
			);
			sourceTree = "<group>";
		};
		BD5FDCD328A56F0D004F1CDD /* Products */ = {
			isa = PBXGroup;
			children = (
				BD5FDCD228A56F0D004F1CDD /* MiniProject2.app */,
				BD5FDCEB28A56F0F004F1CDD /* MiniProject2Tests.xctest */,
				BD5FDCF528A56F0F004F1CDD /* MiniProject2UITests.xctest */,
			);
			name = Products;
			sourceTree = "<group>";
		};
		BD5FDCD428A56F0D004F1CDD /* MiniProject2 */ = {
			isa = PBXGroup;
			children = (
				BD5FDCD528A56F0D004F1CDD /* AppDelegate.swift */,
				BD5FDCD728A56F0D004F1CDD /* SceneDelegate.swift */,
				BD5FDCD928A56F0D004F1CDD /* ViewController.swift */,
				BD5FDCDB28A56F0D004F1CDD /* Main.storyboard */,
				BD5FDCE128A56F0F004F1CDD /* Assets.xcassets */,
				BD5FDCE328A56F0F004F1CDD /* LaunchScreen.storyboard */,
				BD5FDCE628A56F0F004F1CDD /* Info.plist */,
				BD5FDCDE28A56F0D004F1CDD /* MiniProject2.xcdatamodeld */,
				BD5FDD0828A57038004F1CDD /* ViewController2.swift */,
				BD5FDD0A28A57072004F1CDD /* ViewController3.swift */,
				BD5FDD0C28A5709B004F1CDD /* ViewController4.swift */,
			);
			path = MiniProject2;
			sourceTree = "<group>";
		};
		BD5FDCEE28A56F0F004F1CDD /* MiniProject2Tests */ = {
			isa = PBXGroup;
			children = (
				BD5FDCEF28A56F0F004F1CDD /* MiniProject2Tests.swift */,
			);
			path = MiniProject2Tests;
			sourceTree = "<group>";
		};
		BD5FDCF828A56F0F004F1CDD /* MiniProject2UITests */ = {
			isa = PBXGroup;
			children = (
				BD5FDCF928A56F0F004F1CDD /* MiniProject2UITests.swift */,
				BD5FDCFB28A56F0F004F1CDD /* MiniProject2UITestsLaunchTests.swift */,
			);
			path = MiniProject2UITests;
			sourceTree = "<group>";
		};
/* End PBXGroup section */

/* Begin PBXNativeTarget section */
		BD5FDCD128A56F0D004F1CDD /* MiniProject2 */ = {
			isa = PBXNativeTarget;
			buildConfigurationList = BD5FDCFF28A56F0F004F1CDD /* Build configuration list for PBXNativeTarget "MiniProject2" */;
			buildPhases = (
				BD5FDCCE28A56F0D004F1CDD /* Sources */,
				BD5FDCCF28A56F0D004F1CDD /* Frameworks */,
				BD5FDCD028A56F0D004F1CDD /* Resources */,
			);
			buildRules = (
			);
			dependencies = (
			);
			name = MiniProject2;
			productName = MiniProject2;
			productReference = BD5FDCD228A56F0D004F1CDD /* MiniProject2.app */;
			productType = "com.apple.product-type.application";
		};
		BD5FDCEA28A56F0F004F1CDD /* MiniProject2Tests */ = {
			isa = PBXNativeTarget;
			buildConfigurationList = BD5FDD0228A56F0F004F1CDD /* Build configuration list for PBXNativeTarget "MiniProject2Tests" */;
			buildPhases = (
				BD5FDCE728A56F0F004F1CDD /* Sources */,
				BD5FDCE828A56F0F004F1CDD /* Frameworks */,
				BD5FDCE928A56F0F004F1CDD /* Resources */,
			);
			buildRules = (
			);
			dependencies = (
				BD5FDCED28A56F0F004F1CDD /* PBXTargetDependency */,
			);
			name = MiniProject2Tests;
			productName = MiniProject2Tests;
			productReference = BD5FDCEB28A56F0F004F1CDD /* MiniProject2Tests.xctest */;
			productType = "com.apple.product-type.bundle.unit-test";
		};
		BD5FDCF428A56F0F004F1CDD /* MiniProject2UITests */ = {
			isa = PBXNativeTarget;
			buildConfigurationList = BD5FDD0528A56F0F004F1CDD /* Build configuration list for PBXNativeTarget "MiniProject2UITests" */;
			buildPhases = (
				BD5FDCF128A56F0F004F1CDD /* Sources */,
				BD5FDCF228A56F0F004F1CDD /* Frameworks */,
				BD5FDCF328A56F0F004F1CDD /* Resources */,
			);
			buildRules = (
			);
			dependencies = (
				BD5FDCF728A56F0F004F1CDD /* PBXTargetDependency */,
			);
			name = MiniProject2UITests;
			productName = MiniProject2UITests;
			productReference = BD5FDCF528A56F0F004F1CDD /* MiniProject2UITests.xctest */;
			productType = "com.apple.product-type.bundle.ui-testing";
		};
/* End PBXNativeTarget section */

/* Begin PBXProject section */
		BD5FDCCA28A56F0D004F1CDD /* Project object */ = {
			isa = PBXProject;
			attributes = {
				BuildIndependentTargetsInParallel = 1;
				LastSwiftUpdateCheck = 1340;
				LastUpgradeCheck = 1340;
				TargetAttributes = {
					BD5FDCD128A56F0D004F1CDD = {
						CreatedOnToolsVersion = 13.4.1;
					};
					BD5FDCEA28A56F0F004F1CDD = {
						CreatedOnToolsVersion = 13.4.1;
						TestTargetID = BD5FDCD128A56F0D004F1CDD;
					};
					BD5FDCF428A56F0F004F1CDD = {
						CreatedOnToolsVersion = 13.4.1;
						TestTargetID = BD5FDCD128A56F0D004F1CDD;
					};
				};
			};
			buildConfigurationList = BD5FDCCD28A56F0D004F1CDD /* Build configuration list for PBXProject "MiniProject2" */;
			compatibilityVersion = "Xcode 13.0";
			developmentRegion = en;
			hasScannedForEncodings = 0;
			knownRegions = (
				en,
				Base,
			);
			mainGroup = BD5FDCC928A56F0D004F1CDD;
			productRefGroup = BD5FDCD328A56F0D004F1CDD /* Products */;
			projectDirPath = "";
			projectRoot = "";
			targets = (
				BD5FDCD128A56F0D004F1CDD /* MiniProject2 */,
				BD5FDCEA28A56F0F004F1CDD /* MiniProject2Tests */,
				BD5FDCF428A56F0F004F1CDD /* MiniProject2UITests */,
			);
		};
/* End PBXProject section */

/* Begin PBXResourcesBuildPhase section */
		BD5FDCD028A56F0D004F1CDD /* Resources */ = {
			isa = PBXResourcesBuildPhase;
			buildActionMask = 2147483647;
			files = (
				BD5FDCE528A56F0F004F1CDD /* LaunchScreen.storyboard in Resources */,
				BD5FDCE228A56F0F004F1CDD /* Assets.xcassets in Resources */,
				BD5FDCDD28A56F0D004F1CDD /* Main.storyboard in Resources */,
			);
			runOnlyForDeploymentPostprocessing = 0;
		};
		BD5FDCE928A56F0F004F1CDD /* Resources */ = {
			isa = PBXResourcesBuildPhase;
			buildActionMask = 2147483647;
			files = (
			);
			runOnlyForDeploymentPostprocessing = 0;
		};
		BD5FDCF328A56F0F004F1CDD /* Resources */ = {
			isa = PBXResourcesBuildPhase;
			buildActionMask = 2147483647;
			files = (
			);
			runOnlyForDeploymentPostprocessing = 0;
		};
/* End PBXResourcesBuildPhase section */

/* Begin PBXSourcesBuildPhase section */
		BD5FDCCE28A56F0D004F1CDD /* Sources */ = {
			isa = PBXSourcesBuildPhase;
			buildActionMask = 2147483647;
			files = (
				BD5FDD0928A57038004F1CDD /* ViewController2.swift in Sources */,
				BD5FDD0D28A5709B004F1CDD /* ViewController4.swift in Sources */,
				BD5FDCDA28A56F0D004F1CDD /* ViewController.swift in Sources */,
				BD5FDD0B28A57072004F1CDD /* ViewController3.swift in Sources */,
				BD5FDCD628A56F0D004F1CDD /* AppDelegate.swift in Sources */,
				BD5FDCD828A56F0D004F1CDD /* SceneDelegate.swift in Sources */,
				BD5FDCE028A56F0D004F1CDD /* MiniProject2.xcdatamodeld in Sources */,
			);
			runOnlyForDeploymentPostprocessing = 0;
		};
		BD5FDCE728A56F0F004F1CDD /* Sources */ = {
			isa = PBXSourcesBuildPhase;
			buildActionMask = 2147483647;
			files = (
				BD5FDCF028A56F0F004F1CDD /* MiniProject2Tests.swift in Sources */,
			);
			runOnlyForDeploymentPostprocessing = 0;
		};
		BD5FDCF128A56F0F004F1CDD /* Sources */ = {
			isa = PBXSourcesBuildPhase;
			buildActionMask = 2147483647;
			files = (
				BD5FDCFC28A56F0F004F1CDD /* MiniProject2UITestsLaunchTests.swift in Sources */,
				BD5FDCFA28A56F0F004F1CDD /* MiniProject2UITests.swift in Sources */,
			);
			runOnlyForDeploymentPostprocessing = 0;
		};
/* End PBXSourcesBuildPhase section */

/* Begin PBXTargetDependency section */
		BD5FDCED28A56F0F004F1CDD /* PBXTargetDependency */ = {
			isa = PBXTargetDependency;
			target = BD5FDCD128A56F0D004F1CDD /* MiniProject2 */;
			targetProxy = BD5FDCEC28A56F0F004F1CDD /* PBXContainerItemProxy */;
		};
		BD5FDCF728A56F0F004F1CDD /* PBXTargetDependency */ = {
			isa = PBXTargetDependency;
			target = BD5FDCD128A56F0D004F1CDD /* MiniProject2 */;
			targetProxy = BD5FDCF628A56F0F004F1CDD /* PBXContainerItemProxy */;
		};
/* End PBXTargetDependency section */

/* Begin PBXVariantGroup section */
		BD5FDCDB28A56F0D004F1CDD /* Main.storyboard */ = {
			isa = PBXVariantGroup;
			children = (
				BD5FDCDC28A56F0D004F1CDD /* Base */,
			);
			name = Main.storyboard;
			sourceTree = "<group>";
		};
		BD5FDCE328A56F0F004F1CDD /* LaunchScreen.storyboard */ = {
			isa = PBXVariantGroup;
			children = (
				BD5FDCE428A56F0F004F1CDD /* Base */,
			);
			name = LaunchScreen.storyboard;
			sourceTree = "<group>";
		};
/* End PBXVariantGroup section */

/* Begin XCBuildConfiguration section */
		BD5FDCFD28A56F0F004F1CDD /* Debug */ = {
			isa = XCBuildConfiguration;
			buildSettings = {
				ALWAYS_SEARCH_USER_PATHS = NO;
				CLANG_ANALYZER_NONNULL = YES;
				CLANG_ANALYZER_NUMBER_OBJECT_CONVERSION = YES_AGGRESSIVE;
				CLANG_CXX_LANGUAGE_STANDARD = "gnu++17";
				CLANG_ENABLE_MODULES = YES;
				CLANG_ENABLE_OBJC_ARC = YES;
				CLANG_ENABLE_OBJC_WEAK = YES;
				CLANG_WARN_BLOCK_CAPTURE_AUTORELEASING = YES;
				CLANG_WARN_BOOL_CONVERSION = YES;
				CLANG_WARN_COMMA = YES;
				CLANG_WARN_CONSTANT_CONVERSION = YES;
				CLANG_WARN_DEPRECATED_OBJC_IMPLEMENTATIONS = YES;
				CLANG_WARN_DIRECT_OBJC_ISA_USAGE = YES_ERROR;
				CLANG_WARN_DOCUMENTATION_COMMENTS = YES;
				CLANG_WARN_EMPTY_BODY = YES;
				CLANG_WARN_ENUM_CONVERSION = YES;
				CLANG_WARN_INFINITE_RECURSION = YES;
				CLANG_WARN_INT_CONVERSION = YES;
				CLANG_WARN_NON_LITERAL_NULL_CONVERSION = YES;
				CLANG_WARN_OBJC_IMPLICIT_RETAIN_SELF = YES;
				CLANG_WARN_OBJC_LITERAL_CONVERSION = YES;
				CLANG_WARN_OBJC_ROOT_CLASS = YES_ERROR;
				CLANG_WARN_QUOTED_INCLUDE_IN_FRAMEWORK_HEADER = YES;
				CLANG_WARN_RANGE_LOOP_ANALYSIS = YES;
				CLANG_WARN_STRICT_PROTOTYPES = YES;
				CLANG_WARN_SUSPICIOUS_MOVE = YES;
				CLANG_WARN_UNGUARDED_AVAILABILITY = YES_AGGRESSIVE;
				CLANG_WARN_UNREACHABLE_CODE = YES;
				CLANG_WARN__DUPLICATE_METHOD_MATCH = YES;
				COPY_PHASE_STRIP = NO;
				DEBUG_INFORMATION_FORMAT = dwarf;
				ENABLE_STRICT_OBJC_MSGSEND = YES;
				ENABLE_TESTABILITY = YES;
				GCC_C_LANGUAGE_STANDARD = gnu11;
				GCC_DYNAMIC_NO_PIC = NO;
				GCC_NO_COMMON_BLOCKS = YES;
				GCC_OPTIMIZATION_LEVEL = 0;
				GCC_PREPROCESSOR_DEFINITIONS = (
					"DEBUG=1",
					"$(inherited)",
				);
				GCC_WARN_64_TO_32_BIT_CONVERSION = YES;
				GCC_WARN_ABOUT_RETURN_TYPE = YES_ERROR;
				GCC_WARN_UNDECLARED_SELECTOR = YES;
				GCC_WARN_UNINITIALIZED_AUTOS = YES_AGGRESSIVE;
				GCC_WARN_UNUSED_FUNCTION = YES;
				GCC_WARN_UNUSED_VARIABLE = YES;
				IPHONEOS_DEPLOYMENT_TARGET = 15.5;
				MTL_ENABLE_DEBUG_INFO = INCLUDE_SOURCE;
				MTL_FAST_MATH = YES;
				ONLY_ACTIVE_ARCH = YES;
				SDKROOT = iphoneos;
				SWIFT_ACTIVE_COMPILATION_CONDITIONS = DEBUG;
				SWIFT_OPTIMIZATION_LEVEL = "-Onone";
			};
			name = Debug;
		};
		BD5FDCFE28A56F0F004F1CDD /* Release */ = {
			isa = XCBuildConfiguration;
			buildSettings = {
				ALWAYS_SEARCH_USER_PATHS = NO;
				CLANG_ANALYZER_NONNULL = YES;
				CLANG_ANALYZER_NUMBER_OBJECT_CONVERSION = YES_AGGRESSIVE;
				CLANG_CXX_LANGUAGE_STANDARD = "gnu++17";
				CLANG_ENABLE_MODULES = YES;
				CLANG_ENABLE_OBJC_ARC = YES;
				CLANG_ENABLE_OBJC_WEAK = YES;
				CLANG_WARN_BLOCK_CAPTURE_AUTORELEASING = YES;
				CLANG_WARN_BOOL_CONVERSION = YES;
				CLANG_WARN_COMMA = YES;
				CLANG_WARN_CONSTANT_CONVERSION = YES;
				CLANG_WARN_DEPRECATED_OBJC_IMPLEMENTATIONS = YES;
				CLANG_WARN_DIRECT_OBJC_ISA_USAGE = YES_ERROR;
				CLANG_WARN_DOCUMENTATION_COMMENTS = YES;
				CLANG_WARN_EMPTY_BODY = YES;
				CLANG_WARN_ENUM_CONVERSION = YES;
				CLANG_WARN_INFINITE_RECURSION = YES;
				CLANG_WARN_INT_CONVERSION = YES;
				CLANG_WARN_NON_LITERAL_NULL_CONVERSION = YES;
				CLANG_WARN_OBJC_IMPLICIT_RETAIN_SELF = YES;
				CLANG_WARN_OBJC_LITERAL_CONVERSION = YES;
				CLANG_WARN_OBJC_ROOT_CLASS = YES_ERROR;
				CLANG_WARN_QUOTED_INCLUDE_IN_FRAMEWORK_HEADER = YES;
				CLANG_WARN_RANGE_LOOP_ANALYSIS = YES;
				CLANG_WARN_STRICT_PROTOTYPES = YES;
				CLANG_WARN_SUSPICIOUS_MOVE = YES;
				CLANG_WARN_UNGUARDED_AVAILABILITY = YES_AGGRESSIVE;
				CLANG_WARN_UNREACHABLE_CODE = YES;
				CLANG_WARN__DUPLICATE_METHOD_MATCH = YES;
				COPY_PHASE_STRIP = NO;
				DEBUG_INFORMATION_FORMAT = "dwarf-with-dsym";
				ENABLE_NS_ASSERTIONS = NO;
				ENABLE_STRICT_OBJC_MSGSEND = YES;
				GCC_C_LANGUAGE_STANDARD = gnu11;
				GCC_NO_COMMON_BLOCKS = YES;
				GCC_WARN_64_TO_32_BIT_CONVERSION = YES;
				GCC_WARN_ABOUT_RETURN_TYPE = YES_ERROR;
				GCC_WARN_UNDECLARED_SELECTOR = YES;
				GCC_WARN_UNINITIALIZED_AUTOS = YES_AGGRESSIVE;
				GCC_WARN_UNUSED_FUNCTION = YES;
				GCC_WARN_UNUSED_VARIABLE = YES;
				IPHONEOS_DEPLOYMENT_TARGET = 15.5;
				MTL_ENABLE_DEBUG_INFO = NO;
				MTL_FAST_MATH = YES;
				SDKROOT = iphoneos;
				SWIFT_COMPILATION_MODE = wholemodule;
				SWIFT_OPTIMIZATION_LEVEL = "-O";
				VALIDATE_PRODUCT = YES;
			};
			name = Release;
		};
		BD5FDD0028A56F0F004F1CDD /* Debug */ = {
			isa = XCBuildConfiguration;
			buildSettings = {
				ASSETCATALOG_COMPILER_APPICON_NAME = AppIcon;
				ASSETCATALOG_COMPILER_GLOBAL_ACCENT_COLOR_NAME = AccentColor;
				CODE_SIGN_STYLE = Automatic;
				CURRENT_PROJECT_VERSION = 1;
				GENERATE_INFOPLIST_FILE = YES;
				INFOPLIST_FILE = MiniProject2/Info.plist;
				INFOPLIST_KEY_UIApplicationSupportsIndirectInputEvents = YES;
				INFOPLIST_KEY_UILaunchStoryboardName = LaunchScreen;
				INFOPLIST_KEY_UIMainStoryboardFile = Main;
				INFOPLIST_KEY_UISupportedInterfaceOrientations_iPad = "UIInterfaceOrientationPortrait UIInterfaceOrientationPortraitUpsideDown UIInterfaceOrientationLandscapeLeft UIInterfaceOrientationLandscapeRight";
				INFOPLIST_KEY_UISupportedInterfaceOrientations_iPhone = "UIInterfaceOrientationPortrait UIInterfaceOrientationLandscapeLeft UIInterfaceOrientationLandscapeRight";
				LD_RUNPATH_SEARCH_PATHS = (
					"$(inherited)",
					"@executable_path/Frameworks",
				);
				MARKETING_VERSION = 1.0;
				PRODUCT_BUNDLE_IDENTIFIER = kwk.MiniProject2;
				PRODUCT_NAME = "$(TARGET_NAME)";
				SWIFT_EMIT_LOC_STRINGS = YES;
				SWIFT_VERSION = 5.0;
				TARGETED_DEVICE_FAMILY = "1,2";
			};
			name = Debug;
		};
		BD5FDD0128A56F0F004F1CDD /* Release */ = {
			isa = XCBuildConfiguration;
			buildSettings = {
				ASSETCATALOG_COMPILER_APPICON_NAME = AppIcon;
				ASSETCATALOG_COMPILER_GLOBAL_ACCENT_COLOR_NAME = AccentColor;
				CODE_SIGN_STYLE = Automatic;
				CURRENT_PROJECT_VERSION = 1;
				GENERATE_INFOPLIST_FILE = YES;
				INFOPLIST_FILE = MiniProject2/Info.plist;
				INFOPLIST_KEY_UIApplicationSupportsIndirectInputEvents = YES;
				INFOPLIST_KEY_UILaunchStoryboardName = LaunchScreen;
				INFOPLIST_KEY_UIMainStoryboardFile = Main;
				INFOPLIST_KEY_UISupportedInterfaceOrientations_iPad = "UIInterfaceOrientationPortrait UIInterfaceOrientationPortraitUpsideDown UIInterfaceOrientationLandscapeLeft UIInterfaceOrientationLandscapeRight";
				INFOPLIST_KEY_UISupportedInterfaceOrientations_iPhone = "UIInterfaceOrientationPortrait UIInterfaceOrientationLandscapeLeft UIInterfaceOrientationLandscapeRight";
				LD_RUNPATH_SEARCH_PATHS = (
					"$(inherited)",
					"@executable_path/Frameworks",
				);
				MARKETING_VERSION = 1.0;
				PRODUCT_BUNDLE_IDENTIFIER = kwk.MiniProject2;
				PRODUCT_NAME = "$(TARGET_NAME)";
				SWIFT_EMIT_LOC_STRINGS = YES;
				SWIFT_VERSION = 5.0;
				TARGETED_DEVICE_FAMILY = "1,2";
			};
			name = Release;
		};
		BD5FDD0328A56F0F004F1CDD /* Debug */ = {
			isa = XCBuildConfiguration;
			buildSettings = {
				ALWAYS_EMBED_SWIFT_STANDARD_LIBRARIES = YES;
				BUNDLE_LOADER = "$(TEST_HOST)";
				CODE_SIGN_STYLE = Automatic;
				CURRENT_PROJECT_VERSION = 1;
				GENERATE_INFOPLIST_FILE = YES;
				IPHONEOS_DEPLOYMENT_TARGET = 15.5;
				MARKETING_VERSION = 1.0;
				PRODUCT_BUNDLE_IDENTIFIER = kwk.MiniProject2Tests;
				PRODUCT_NAME = "$(TARGET_NAME)";
				SWIFT_EMIT_LOC_STRINGS = NO;
				SWIFT_VERSION = 5.0;
				TARGETED_DEVICE_FAMILY = "1,2";
				TEST_HOST = "$(BUILT_PRODUCTS_DIR)/MiniProject2.app/MiniProject2";
			};
			name = Debug;
		};
		BD5FDD0428A56F0F004F1CDD /* Release */ = {
			isa = XCBuildConfiguration;
			buildSettings = {
				ALWAYS_EMBED_SWIFT_STANDARD_LIBRARIES = YES;
				BUNDLE_LOADER = "$(TEST_HOST)";
				CODE_SIGN_STYLE = Automatic;
				CURRENT_PROJECT_VERSION = 1;
				GENERATE_INFOPLIST_FILE = YES;
				IPHONEOS_DEPLOYMENT_TARGET = 15.5;
				MARKETING_VERSION = 1.0;
				PRODUCT_BUNDLE_IDENTIFIER = kwk.MiniProject2Tests;
				PRODUCT_NAME = "$(TARGET_NAME)";
				SWIFT_EMIT_LOC_STRINGS = NO;
				SWIFT_VERSION = 5.0;
				TARGETED_DEVICE_FAMILY = "1,2";
				TEST_HOST = "$(BUILT_PRODUCTS_DIR)/MiniProject2.app/MiniProject2";
			};
			name = Release;
		};
		BD5FDD0628A56F0F004F1CDD /* Debug */ = {
			isa = XCBuildConfiguration;
			buildSettings = {
				ALWAYS_EMBED_SWIFT_STANDARD_LIBRARIES = YES;
				CODE_SIGN_STYLE = Automatic;
				CURRENT_PROJECT_VERSION = 1;
				GENERATE_INFOPLIST_FILE = YES;
				MARKETING_VERSION = 1.0;
				PRODUCT_BUNDLE_IDENTIFIER = kwk.MiniProject2UITests;
				PRODUCT_NAME = "$(TARGET_NAME)";
				SWIFT_EMIT_LOC_STRINGS = NO;
				SWIFT_VERSION = 5.0;
				TARGETED_DEVICE_FAMILY = "1,2";
				TEST_TARGET_NAME = MiniProject2;
			};
			name = Debug;
		};
		BD5FDD0728A56F0F004F1CDD /* Release */ = {
			isa = XCBuildConfiguration;
			buildSettings = {
				ALWAYS_EMBED_SWIFT_STANDARD_LIBRARIES = YES;
				CODE_SIGN_STYLE = Automatic;
				CURRENT_PROJECT_VERSION = 1;
				GENERATE_INFOPLIST_FILE = YES;
				MARKETING_VERSION = 1.0;
				PRODUCT_BUNDLE_IDENTIFIER = kwk.MiniProject2UITests;
				PRODUCT_NAME = "$(TARGET_NAME)";
				SWIFT_EMIT_LOC_STRINGS = NO;
				SWIFT_VERSION = 5.0;
				TARGETED_DEVICE_FAMILY = "1,2";
				TEST_TARGET_NAME = MiniProject2;
			};
			name = Release;
		};
/* End XCBuildConfiguration section */

/* Begin XCConfigurationList section */
		BD5FDCCD28A56F0D004F1CDD /* Build configuration list for PBXProject "MiniProject2" */ = {
			isa = XCConfigurationList;
			buildConfigurations = (
				BD5FDCFD28A56F0F004F1CDD /* Debug */,
				BD5FDCFE28A56F0F004F1CDD /* Release */,
			);
			defaultConfigurationIsVisible = 0;
			defaultConfigurationName = Release;
		};
		BD5FDCFF28A56F0F004F1CDD /* Build configuration list for PBXNativeTarget "MiniProject2" */ = {
			isa = XCConfigurationList;
			buildConfigurations = (
				BD5FDD0028A56F0F004F1CDD /* Debug */,
				BD5FDD0128A56F0F004F1CDD /* Release */,
			);
			defaultConfigurationIsVisible = 0;
			defaultConfigurationName = Release;
		};
		BD5FDD0228A56F0F004F1CDD /* Build configuration list for PBXNativeTarget "MiniProject2Tests" */ = {
			isa = XCConfigurationList;
			buildConfigurations = (
				BD5FDD0328A56F0F004F1CDD /* Debug */,
				BD5FDD0428A56F0F004F1CDD /* Release */,
			);
			defaultConfigurationIsVisible = 0;
			defaultConfigurationName = Release;
		};
		BD5FDD0528A56F0F004F1CDD /* Build configuration list for PBXNativeTarget "MiniProject2UITests" */ = {
			isa = XCConfigurationList;
			buildConfigurations = (
				BD5FDD0628A56F0F004F1CDD /* Debug */,
				BD5FDD0728A56F0F004F1CDD /* Release */,
			);
			defaultConfigurationIsVisible = 0;
			defaultConfigurationName = Release;
		};
/* End XCConfigurationList section */

/* Begin XCVersionGroup section */
		BD5FDCDE28A56F0D004F1CDD /* MiniProject2.xcdatamodeld */ = {
			isa = XCVersionGroup;
			children = (
				BD5FDCDF28A56F0D004F1CDD /* MiniProject2.xcdatamodel */,
			);
			currentVersion = BD5FDCDF28A56F0D004F1CDD /* MiniProject2.xcdatamodel */;
			path = MiniProject2.xcdatamodeld;
			sourceTree = "<group>";
			versionGroupType = wrapper.xcdatamodel;
		};
/* End XCVersionGroup section */
	};
	rootObject = BD5FDCCA28A56F0D004F1CDD /* Project object */;
}
