// !$*UTF8*$!
{
	archiveVersion = 1;
	classes = {
	};
	objectVersion = 55;
	objects = {

/* Begin PBXBuildFile section */
		BD5FDC9528A53EB0004F1CDD /* AppDelegate.swift in Sources */ = {isa = PBXBuildFile; fileRef = BD5FDC9428A53EB0004F1CDD /* AppDelegate.swift */; };
		BD5FDC9728A53EB0004F1CDD /* SceneDelegate.swift in Sources */ = {isa = PBXBuildFile; fileRef = BD5FDC9628A53EB0004F1CDD /* SceneDelegate.swift */; };
		BD5FDC9928A53EB0004F1CDD /* ViewController.swift in Sources */ = {isa = PBXBuildFile; fileRef = BD5FDC9828A53EB0004F1CDD /* ViewController.swift */; };
		BD5FDC9C28A53EB0004F1CDD /* Main.storyboard in Resources */ = {isa = PBXBuildFile; fileRef = BD5FDC9A28A53EB0004F1CDD /* Main.storyboard */; };
		BD5FDC9F28A53EB0004F1CDD /* intro_to_segues.xcdatamodeld in Sources */ = {isa = PBXBuildFile; fileRef = BD5FDC9D28A53EB0004F1CDD /* intro_to_segues.xcdatamodeld */; };
		BD5FDCA128A53EB2004F1CDD /* Assets.xcassets in Resources */ = {isa = PBXBuildFile; fileRef = BD5FDCA028A53EB2004F1CDD /* Assets.xcassets */; };
		BD5FDCA428A53EB2004F1CDD /* LaunchScreen.storyboard in Resources */ = {isa = PBXBuildFile; fileRef = BD5FDCA228A53EB2004F1CDD /* LaunchScreen.storyboard */; };
		BD5FDCAF28A53EB2004F1CDD /* intro_to_seguesTests.swift in Sources */ = {isa = PBXBuildFile; fileRef = BD5FDCAE28A53EB2004F1CDD /* intro_to_seguesTests.swift */; };
		BD5FDCB928A53EB2004F1CDD /* intro_to_seguesUITests.swift in Sources */ = {isa = PBXBuildFile; fileRef = BD5FDCB828A53EB2004F1CDD /* intro_to_seguesUITests.swift */; };
		BD5FDCBB28A53EB2004F1CDD /* intro_to_seguesUITestsLaunchTests.swift in Sources */ = {isa = PBXBuildFile; fileRef = BD5FDCBA28A53EB2004F1CDD /* intro_to_seguesUITestsLaunchTests.swift */; };
		BD5FDCC828A542FA004F1CDD /* ViewController2.swift in Sources */ = {isa = PBXBuildFile; fileRef = BD5FDCC728A542FA004F1CDD /* ViewController2.swift */; };
/* End PBXBuildFile section */

/* Begin PBXContainerItemProxy section */
		BD5FDCAB28A53EB2004F1CDD /* PBXContainerItemProxy */ = {
			isa = PBXContainerItemProxy;
			containerPortal = BD5FDC8928A53EB0004F1CDD /* Project object */;
			proxyType = 1;
			remoteGlobalIDString = BD5FDC9028A53EB0004F1CDD;
			remoteInfo = "intro-to-segues";
		};
		BD5FDCB528A53EB2004F1CDD /* PBXContainerItemProxy */ = {
			isa = PBXContainerItemProxy;
			containerPortal = BD5FDC8928A53EB0004F1CDD /* Project object */;
			proxyType = 1;
			remoteGlobalIDString = BD5FDC9028A53EB0004F1CDD;
			remoteInfo = "intro-to-segues";
		};
/* End PBXContainerItemProxy section */

/* Begin PBXFileReference section */
		BD5FDC9128A53EB0004F1CDD /* intro-to-segues.app */ = {isa = PBXFileReference; explicitFileType = wrapper.application; includeInIndex = 0; path = "intro-to-segues.app"; sourceTree = BUILT_PRODUCTS_DIR; };
		BD5FDC9428A53EB0004F1CDD /* AppDelegate.swift */ = {isa = PBXFileReference; lastKnownFileType = sourcecode.swift; path = AppDelegate.swift; sourceTree = "<group>"; };
		BD5FDC9628A53EB0004F1CDD /* SceneDelegate.swift */ = {isa = PBXFileReference; lastKnownFileType = sourcecode.swift; path = SceneDelegate.swift; sourceTree = "<group>"; };
		BD5FDC9828A53EB0004F1CDD /* ViewController.swift */ = {isa = PBXFileReference; lastKnownFileType = sourcecode.swift; path = ViewController.swift; sourceTree = "<group>"; };
		BD5FDC9B28A53EB0004F1CDD /* Base */ = {isa = PBXFileReference; lastKnownFileType = file.storyboard; name = Base; path = Base.lproj/Main.storyboard; sourceTree = "<group>"; };
		BD5FDC9E28A53EB0004F1CDD /* intro_to_segues.xcdatamodel */ = {isa = PBXFileReference; lastKnownFileType = wrapper.xcdatamodel; path = intro_to_segues.xcdatamodel; sourceTree = "<group>"; };
		BD5FDCA028A53EB2004F1CDD /* Assets.xcassets */ = {isa = PBXFileReference; lastKnownFileType = folder.assetcatalog; path = Assets.xcassets; sourceTree = "<group>"; };
		BD5FDCA328A53EB2004F1CDD /* Base */ = {isa = PBXFileReference; lastKnownFileType = file.storyboard; name = Base; path = Base.lproj/LaunchScreen.storyboard; sourceTree = "<group>"; };
		BD5FDCA528A53EB2004F1CDD /* Info.plist */ = {isa = PBXFileReference; lastKnownFileType = text.plist.xml; path = Info.plist; sourceTree = "<group>"; };
		BD5FDCAA28A53EB2004F1CDD /* intro-to-seguesTests.xctest */ = {isa = PBXFileReference; explicitFileType = wrapper.cfbundle; includeInIndex = 0; path = "intro-to-seguesTests.xctest"; sourceTree = BUILT_PRODUCTS_DIR; };
		BD5FDCAE28A53EB2004F1CDD /* intro_to_seguesTests.swift */ = {isa = PBXFileReference; lastKnownFileType = sourcecode.swift; path = intro_to_seguesTests.swift; sourceTree = "<group>"; };
		BD5FDCB428A53EB2004F1CDD /* intro-to-seguesUITests.xctest */ = {isa = PBXFileReference; explicitFileType = wrapper.cfbundle; includeInIndex = 0; path = "intro-to-seguesUITests.xctest"; sourceTree = BUILT_PRODUCTS_DIR; };
		BD5FDCB828A53EB2004F1CDD /* intro_to_seguesUITests.swift */ = {isa = PBXFileReference; lastKnownFileType = sourcecode.swift; path = intro_to_seguesUITests.swift; sourceTree = "<group>"; };
		BD5FDCBA28A53EB2004F1CDD /* intro_to_seguesUITestsLaunchTests.swift */ = {isa = PBXFileReference; lastKnownFileType = sourcecode.swift; path = intro_to_seguesUITestsLaunchTests.swift; sourceTree = "<group>"; };
		BD5FDCC728A542FA004F1CDD /* ViewController2.swift */ = {isa = PBXFileReference; lastKnownFileType = sourcecode.swift; path = ViewController2.swift; sourceTree = "<group>"; };
/* End PBXFileReference section */

/* Begin PBXFrameworksBuildPhase section */
		BD5FDC8E28A53EB0004F1CDD /* Frameworks */ = {
			isa = PBXFrameworksBuildPhase;
			buildActionMask = 2147483647;
			files = (
			);
			runOnlyForDeploymentPostprocessing = 0;
		};
		BD5FDCA728A53EB2004F1CDD /* Frameworks */ = {
			isa = PBXFrameworksBuildPhase;
			buildActionMask = 2147483647;
			files = (
			);
			runOnlyForDeploymentPostprocessing = 0;
		};
		BD5FDCB128A53EB2004F1CDD /* Frameworks */ = {
			isa = PBXFrameworksBuildPhase;
			buildActionMask = 2147483647;
			files = (
			);
			runOnlyForDeploymentPostprocessing = 0;
		};
/* End PBXFrameworksBuildPhase section */

/* Begin PBXGroup section */
		BD5FDC8828A53EB0004F1CDD = {
			isa = PBXGroup;
			children = (
				BD5FDC9328A53EB0004F1CDD /* intro-to-segues */,
				BD5FDCAD28A53EB2004F1CDD /* intro-to-seguesTests */,
				BD5FDCB728A53EB2004F1CDD /* intro-to-seguesUITests */,
				BD5FDC9228A53EB0004F1CDD /* Products */,
			);
			sourceTree = "<group>";
		};
		BD5FDC9228A53EB0004F1CDD /* Products */ = {
			isa = PBXGroup;
			children = (
				BD5FDC9128A53EB0004F1CDD /* intro-to-segues.app */,
				BD5FDCAA28A53EB2004F1CDD /* intro-to-seguesTests.xctest */,
				BD5FDCB428A53EB2004F1CDD /* intro-to-seguesUITests.xctest */,
			);
			name = Products;
			sourceTree = "<group>";
		};
		BD5FDC9328A53EB0004F1CDD /* intro-to-segues */ = {
			isa = PBXGroup;
			children = (
				BD5FDC9428A53EB0004F1CDD /* AppDelegate.swift */,
				BD5FDC9628A53EB0004F1CDD /* SceneDelegate.swift */,
				BD5FDC9828A53EB0004F1CDD /* ViewController.swift */,
				BD5FDC9A28A53EB0004F1CDD /* Main.storyboard */,
				BD5FDCA028A53EB2004F1CDD /* Assets.xcassets */,
				BD5FDCA228A53EB2004F1CDD /* LaunchScreen.storyboard */,
				BD5FDCA528A53EB2004F1CDD /* Info.plist */,
				BD5FDC9D28A53EB0004F1CDD /* intro_to_segues.xcdatamodeld */,
				BD5FDCC728A542FA004F1CDD /* ViewController2.swift */,
			);
			path = "intro-to-segues";
			sourceTree = "<group>";
		};
		BD5FDCAD28A53EB2004F1CDD /* intro-to-seguesTests */ = {
			isa = PBXGroup;
			children = (
				BD5FDCAE28A53EB2004F1CDD /* intro_to_seguesTests.swift */,
			);
			path = "intro-to-seguesTests";
			sourceTree = "<group>";
		};
		BD5FDCB728A53EB2004F1CDD /* intro-to-seguesUITests */ = {
			isa = PBXGroup;
			children = (
				BD5FDCB828A53EB2004F1CDD /* intro_to_seguesUITests.swift */,
				BD5FDCBA28A53EB2004F1CDD /* intro_to_seguesUITestsLaunchTests.swift */,
			);
			path = "intro-to-seguesUITests";
			sourceTree = "<group>";
		};
/* End PBXGroup section */

/* Begin PBXNativeTarget section */
		BD5FDC9028A53EB0004F1CDD /* intro-to-segues */ = {
			isa = PBXNativeTarget;
			buildConfigurationList = BD5FDCBE28A53EB2004F1CDD /* Build configuration list for PBXNativeTarget "intro-to-segues" */;
			buildPhases = (
				BD5FDC8D28A53EB0004F1CDD /* Sources */,
				BD5FDC8E28A53EB0004F1CDD /* Frameworks */,
				BD5FDC8F28A53EB0004F1CDD /* Resources */,
			);
			buildRules = (
			);
			dependencies = (
			);
			name = "intro-to-segues";
			productName = "intro-to-segues";
			productReference = BD5FDC9128A53EB0004F1CDD /* intro-to-segues.app */;
			productType = "com.apple.product-type.application";
		};
		BD5FDCA928A53EB2004F1CDD /* intro-to-seguesTests */ = {
			isa = PBXNativeTarget;
			buildConfigurationList = BD5FDCC128A53EB2004F1CDD /* Build configuration list for PBXNativeTarget "intro-to-seguesTests" */;
			buildPhases = (
				BD5FDCA628A53EB2004F1CDD /* Sources */,
				BD5FDCA728A53EB2004F1CDD /* Frameworks */,
				BD5FDCA828A53EB2004F1CDD /* Resources */,
			);
			buildRules = (
			);
			dependencies = (
				BD5FDCAC28A53EB2004F1CDD /* PBXTargetDependency */,
			);
			name = "intro-to-seguesTests";
			productName = "intro-to-seguesTests";
			productReference = BD5FDCAA28A53EB2004F1CDD /* intro-to-seguesTests.xctest */;
			productType = "com.apple.product-type.bundle.unit-test";
		};
		BD5FDCB328A53EB2004F1CDD /* intro-to-seguesUITests */ = {
			isa = PBXNativeTarget;
			buildConfigurationList = BD5FDCC428A53EB2004F1CDD /* Build configuration list for PBXNativeTarget "intro-to-seguesUITests" */;
			buildPhases = (
				BD5FDCB028A53EB2004F1CDD /* Sources */,
				BD5FDCB128A53EB2004F1CDD /* Frameworks */,
				BD5FDCB228A53EB2004F1CDD /* Resources */,
			);
			buildRules = (
			);
			dependencies = (
				BD5FDCB628A53EB2004F1CDD /* PBXTargetDependency */,
			);
			name = "intro-to-seguesUITests";
			productName = "intro-to-seguesUITests";
			productReference = BD5FDCB428A53EB2004F1CDD /* intro-to-seguesUITests.xctest */;
			productType = "com.apple.product-type.bundle.ui-testing";
		};
/* End PBXNativeTarget section */

/* Begin PBXProject section */
		BD5FDC8928A53EB0004F1CDD /* Project object */ = {
			isa = PBXProject;
			attributes = {
				BuildIndependentTargetsInParallel = 1;
				LastSwiftUpdateCheck = 1340;
				LastUpgradeCheck = 1340;
				TargetAttributes = {
					BD5FDC9028A53EB0004F1CDD = {
						CreatedOnToolsVersion = 13.4.1;
					};
					BD5FDCA928A53EB2004F1CDD = {
						CreatedOnToolsVersion = 13.4.1;
						TestTargetID = BD5FDC9028A53EB0004F1CDD;
					};
					BD5FDCB328A53EB2004F1CDD = {
						CreatedOnToolsVersion = 13.4.1;
						TestTargetID = BD5FDC9028A53EB0004F1CDD;
					};
				};
			};
			buildConfigurationList = BD5FDC8C28A53EB0004F1CDD /* Build configuration list for PBXProject "intro-to-segues" */;
			compatibilityVersion = "Xcode 13.0";
			developmentRegion = en;
			hasScannedForEncodings = 0;
			knownRegions = (
				en,
				Base,
			);
			mainGroup = BD5FDC8828A53EB0004F1CDD;
			productRefGroup = BD5FDC9228A53EB0004F1CDD /* Products */;
			projectDirPath = "";
			projectRoot = "";
			targets = (
				BD5FDC9028A53EB0004F1CDD /* intro-to-segues */,
				BD5FDCA928A53EB2004F1CDD /* intro-to-seguesTests */,
				BD5FDCB328A53EB2004F1CDD /* intro-to-seguesUITests */,
			);
		};
/* End PBXProject section */

/* Begin PBXResourcesBuildPhase section */
		BD5FDC8F28A53EB0004F1CDD /* Resources */ = {
			isa = PBXResourcesBuildPhase;
			buildActionMask = 2147483647;
			files = (
				BD5FDCA428A53EB2004F1CDD /* LaunchScreen.storyboard in Resources */,
				BD5FDCA128A53EB2004F1CDD /* Assets.xcassets in Resources */,
				BD5FDC9C28A53EB0004F1CDD /* Main.storyboard in Resources */,
			);
			runOnlyForDeploymentPostprocessing = 0;
		};
		BD5FDCA828A53EB2004F1CDD /* Resources */ = {
			isa = PBXResourcesBuildPhase;
			buildActionMask = 2147483647;
			files = (
			);
			runOnlyForDeploymentPostprocessing = 0;
		};
		BD5FDCB228A53EB2004F1CDD /* Resources */ = {
			isa = PBXResourcesBuildPhase;
			buildActionMask = 2147483647;
			files = (
			);
			runOnlyForDeploymentPostprocessing = 0;
		};
/* End PBXResourcesBuildPhase section */

/* Begin PBXSourcesBuildPhase section */
		BD5FDC8D28A53EB0004F1CDD /* Sources */ = {
			isa = PBXSourcesBuildPhase;
			buildActionMask = 2147483647;
			files = (
				BD5FDCC828A542FA004F1CDD /* ViewController2.swift in Sources */,
				BD5FDC9928A53EB0004F1CDD /* ViewController.swift in Sources */,
				BD5FDC9F28A53EB0004F1CDD /* intro_to_segues.xcdatamodeld in Sources */,
				BD5FDC9528A53EB0004F1CDD /* AppDelegate.swift in Sources */,
				BD5FDC9728A53EB0004F1CDD /* SceneDelegate.swift in Sources */,
			);
			runOnlyForDeploymentPostprocessing = 0;
		};
		BD5FDCA628A53EB2004F1CDD /* Sources */ = {
			isa = PBXSourcesBuildPhase;
			buildActionMask = 2147483647;
			files = (
				BD5FDCAF28A53EB2004F1CDD /* intro_to_seguesTests.swift in Sources */,
			);
			runOnlyForDeploymentPostprocessing = 0;
		};
		BD5FDCB028A53EB2004F1CDD /* Sources */ = {
			isa = PBXSourcesBuildPhase;
			buildActionMask = 2147483647;
			files = (
				BD5FDCBB28A53EB2004F1CDD /* intro_to_seguesUITestsLaunchTests.swift in Sources */,
				BD5FDCB928A53EB2004F1CDD /* intro_to_seguesUITests.swift in Sources */,
			);
			runOnlyForDeploymentPostprocessing = 0;
		};
/* End PBXSourcesBuildPhase section */

/* Begin PBXTargetDependency section */
		BD5FDCAC28A53EB2004F1CDD /* PBXTargetDependency */ = {
			isa = PBXTargetDependency;
			target = BD5FDC9028A53EB0004F1CDD /* intro-to-segues */;
			targetProxy = BD5FDCAB28A53EB2004F1CDD /* PBXContainerItemProxy */;
		};
		BD5FDCB628A53EB2004F1CDD /* PBXTargetDependency */ = {
			isa = PBXTargetDependency;
			target = BD5FDC9028A53EB0004F1CDD /* intro-to-segues */;
			targetProxy = BD5FDCB528A53EB2004F1CDD /* PBXContainerItemProxy */;
		};
/* End PBXTargetDependency section */

/* Begin PBXVariantGroup section */
		BD5FDC9A28A53EB0004F1CDD /* Main.storyboard */ = {
			isa = PBXVariantGroup;
			children = (
				BD5FDC9B28A53EB0004F1CDD /* Base */,
			);
			name = Main.storyboard;
			sourceTree = "<group>";
		};
		BD5FDCA228A53EB2004F1CDD /* LaunchScreen.storyboard */ = {
			isa = PBXVariantGroup;
			children = (
				BD5FDCA328A53EB2004F1CDD /* Base */,
			);
			name = LaunchScreen.storyboard;
			sourceTree = "<group>";
		};
/* End PBXVariantGroup section */

/* Begin XCBuildConfiguration section */
		BD5FDCBC28A53EB2004F1CDD /* Debug */ = {
			isa = XCBuildConfiguration;
			buildSettings = {
				ALWAYS_SEARCH_USER_PATHS = NO;
				CLANG_ANALYZER_NONNULL = YES;
				CLANG_ANALYZER_NUMBER_OBJECT_CONVERSION = YES_AGGRESSIVE;
				CLANG_CXX_LANGUAGE_STANDARD = "gnu++17";
				CLANG_ENABLE_MODULES = YES;
				CLANG_ENABLE_OBJC_ARC = YES;
				CLANG_ENABLE_OBJC_WEAK = YES;
				CLANG_WARN_BLOCK_CAPTURE_AUTORELEASING = YES;
				CLANG_WARN_BOOL_CONVERSION = YES;
				CLANG_WARN_COMMA = YES;
				CLANG_WARN_CONSTANT_CONVERSION = YES;
				CLANG_WARN_DEPRECATED_OBJC_IMPLEMENTATIONS = YES;
				CLANG_WARN_DIRECT_OBJC_ISA_USAGE = YES_ERROR;
				CLANG_WARN_DOCUMENTATION_COMMENTS = YES;
				CLANG_WARN_EMPTY_BODY = YES;
				CLANG_WARN_ENUM_CONVERSION = YES;
				CLANG_WARN_INFINITE_RECURSION = YES;
				CLANG_WARN_INT_CONVERSION = YES;
				CLANG_WARN_NON_LITERAL_NULL_CONVERSION = YES;
				CLANG_WARN_OBJC_IMPLICIT_RETAIN_SELF = YES;
				CLANG_WARN_OBJC_LITERAL_CONVERSION = YES;
				CLANG_WARN_OBJC_ROOT_CLASS = YES_ERROR;
				CLANG_WARN_QUOTED_INCLUDE_IN_FRAMEWORK_HEADER = YES;
				CLANG_WARN_RANGE_LOOP_ANALYSIS = YES;
				CLANG_WARN_STRICT_PROTOTYPES = YES;
				CLANG_WARN_SUSPICIOUS_MOVE = YES;
				CLANG_WARN_UNGUARDED_AVAILABILITY = YES_AGGRESSIVE;
				CLANG_WARN_UNREACHABLE_CODE = YES;
				CLANG_WARN__DUPLICATE_METHOD_MATCH = YES;
				COPY_PHASE_STRIP = NO;
				DEBUG_INFORMATION_FORMAT = dwarf;
				ENABLE_STRICT_OBJC_MSGSEND = YES;
				ENABLE_TESTABILITY = YES;
				GCC_C_LANGUAGE_STANDARD = gnu11;
				GCC_DYNAMIC_NO_PIC = NO;
				GCC_NO_COMMON_BLOCKS = YES;
				GCC_OPTIMIZATION_LEVEL = 0;
				GCC_PREPROCESSOR_DEFINITIONS = (
					"DEBUG=1",
					"$(inherited)",
				);
				GCC_WARN_64_TO_32_BIT_CONVERSION = YES;
				GCC_WARN_ABOUT_RETURN_TYPE = YES_ERROR;
				GCC_WARN_UNDECLARED_SELECTOR = YES;
				GCC_WARN_UNINITIALIZED_AUTOS = YES_AGGRESSIVE;
				GCC_WARN_UNUSED_FUNCTION = YES;
				GCC_WARN_UNUSED_VARIABLE = YES;
				IPHONEOS_DEPLOYMENT_TARGET = 15.5;
				MTL_ENABLE_DEBUG_INFO = INCLUDE_SOURCE;
				MTL_FAST_MATH = YES;
				ONLY_ACTIVE_ARCH = YES;
				SDKROOT = iphoneos;
				SWIFT_ACTIVE_COMPILATION_CONDITIONS = DEBUG;
				SWIFT_OPTIMIZATION_LEVEL = "-Onone";
			};
			name = Debug;
		};
		BD5FDCBD28A53EB2004F1CDD /* Release */ = {
			isa = XCBuildConfiguration;
			buildSettings = {
				ALWAYS_SEARCH_USER_PATHS = NO;
				CLANG_ANALYZER_NONNULL = YES;
				CLANG_ANALYZER_NUMBER_OBJECT_CONVERSION = YES_AGGRESSIVE;
				CLANG_CXX_LANGUAGE_STANDARD = "gnu++17";
				CLANG_ENABLE_MODULES = YES;
				CLANG_ENABLE_OBJC_ARC = YES;
				CLANG_ENABLE_OBJC_WEAK = YES;
				CLANG_WARN_BLOCK_CAPTURE_AUTORELEASING = YES;
				CLANG_WARN_BOOL_CONVERSION = YES;
				CLANG_WARN_COMMA = YES;
				CLANG_WARN_CONSTANT_CONVERSION = YES;
				CLANG_WARN_DEPRECATED_OBJC_IMPLEMENTATIONS = YES;
				CLANG_WARN_DIRECT_OBJC_ISA_USAGE = YES_ERROR;
				CLANG_WARN_DOCUMENTATION_COMMENTS = YES;
				CLANG_WARN_EMPTY_BODY = YES;
				CLANG_WARN_ENUM_CONVERSION = YES;
				CLANG_WARN_INFINITE_RECURSION = YES;
				CLANG_WARN_INT_CONVERSION = YES;
				CLANG_WARN_NON_LITERAL_NULL_CONVERSION = YES;
				CLANG_WARN_OBJC_IMPLICIT_RETAIN_SELF = YES;
				CLANG_WARN_OBJC_LITERAL_CONVERSION = YES;
				CLANG_WARN_OBJC_ROOT_CLASS = YES_ERROR;
				CLANG_WARN_QUOTED_INCLUDE_IN_FRAMEWORK_HEADER = YES;
				CLANG_WARN_RANGE_LOOP_ANALYSIS = YES;
				CLANG_WARN_STRICT_PROTOTYPES = YES;
				CLANG_WARN_SUSPICIOUS_MOVE = YES;
				CLANG_WARN_UNGUARDED_AVAILABILITY = YES_AGGRESSIVE;
				CLANG_WARN_UNREACHABLE_CODE = YES;
				CLANG_WARN__DUPLICATE_METHOD_MATCH = YES;
				COPY_PHASE_STRIP = NO;
				DEBUG_INFORMATION_FORMAT = "dwarf-with-dsym";
				ENABLE_NS_ASSERTIONS = NO;
				ENABLE_STRICT_OBJC_MSGSEND = YES;
				GCC_C_LANGUAGE_STANDARD = gnu11;
				GCC_NO_COMMON_BLOCKS = YES;
				GCC_WARN_64_TO_32_BIT_CONVERSION = YES;
				GCC_WARN_ABOUT_RETURN_TYPE = YES_ERROR;
				GCC_WARN_UNDECLARED_SELECTOR = YES;
				GCC_WARN_UNINITIALIZED_AUTOS = YES_AGGRESSIVE;
				GCC_WARN_UNUSED_FUNCTION = YES;
				GCC_WARN_UNUSED_VARIABLE = YES;
				IPHONEOS_DEPLOYMENT_TARGET = 15.5;
				MTL_ENABLE_DEBUG_INFO = NO;
				MTL_FAST_MATH = YES;
				SDKROOT = iphoneos;
				SWIFT_COMPILATION_MODE = wholemodule;
				SWIFT_OPTIMIZATION_LEVEL = "-O";
				VALIDATE_PRODUCT = YES;
			};
			name = Release;
		};
		BD5FDCBF28A53EB2004F1CDD /* Debug */ = {
			isa = XCBuildConfiguration;
			buildSettings = {
				ASSETCATALOG_COMPILER_APPICON_NAME = AppIcon;
				ASSETCATALOG_COMPILER_GLOBAL_ACCENT_COLOR_NAME = AccentColor;
				CODE_SIGN_STYLE = Automatic;
				CURRENT_PROJECT_VERSION = 1;
				GENERATE_INFOPLIST_FILE = YES;
				INFOPLIST_FILE = "intro-to-segues/Info.plist";
				INFOPLIST_KEY_UIApplicationSupportsIndirectInputEvents = YES;
				INFOPLIST_KEY_UILaunchStoryboardName = LaunchScreen;
				INFOPLIST_KEY_UIMainStoryboardFile = Main;
				INFOPLIST_KEY_UISupportedInterfaceOrientations_iPad = "UIInterfaceOrientationPortrait UIInterfaceOrientationPortraitUpsideDown UIInterfaceOrientationLandscapeLeft UIInterfaceOrientationLandscapeRight";
				INFOPLIST_KEY_UISupportedInterfaceOrientations_iPhone = "UIInterfaceOrientationPortrait UIInterfaceOrientationLandscapeLeft UIInterfaceOrientationLandscapeRight";
				LD_RUNPATH_SEARCH_PATHS = (
					"$(inherited)",
					"@executable_path/Frameworks",
				);
				MARKETING_VERSION = 1.0;
				PRODUCT_BUNDLE_IDENTIFIER = "kwk.intro-to-segues";
				PRODUCT_NAME = "$(TARGET_NAME)";
				SWIFT_EMIT_LOC_STRINGS = YES;
				SWIFT_VERSION = 5.0;
				TARGETED_DEVICE_FAMILY = "1,2";
			};
			name = Debug;
		};
		BD5FDCC028A53EB2004F1CDD /* Release */ = {
			isa = XCBuildConfiguration;
			buildSettings = {
				ASSETCATALOG_COMPILER_APPICON_NAME = AppIcon;
				ASSETCATALOG_COMPILER_GLOBAL_ACCENT_COLOR_NAME = AccentColor;
				CODE_SIGN_STYLE = Automatic;
				CURRENT_PROJECT_VERSION = 1;
				GENERATE_INFOPLIST_FILE = YES;
				INFOPLIST_FILE = "intro-to-segues/Info.plist";
				INFOPLIST_KEY_UIApplicationSupportsIndirectInputEvents = YES;
				INFOPLIST_KEY_UILaunchStoryboardName = LaunchScreen;
				INFOPLIST_KEY_UIMainStoryboardFile = Main;
				INFOPLIST_KEY_UISupportedInterfaceOrientations_iPad = "UIInterfaceOrientationPortrait UIInterfaceOrientationPortraitUpsideDown UIInterfaceOrientationLandscapeLeft UIInterfaceOrientationLandscapeRight";
				INFOPLIST_KEY_UISupportedInterfaceOrientations_iPhone = "UIInterfaceOrientationPortrait UIInterfaceOrientationLandscapeLeft UIInterfaceOrientationLandscapeRight";
				LD_RUNPATH_SEARCH_PATHS = (
					"$(inherited)",
					"@executable_path/Frameworks",
				);
				MARKETING_VERSION = 1.0;
				PRODUCT_BUNDLE_IDENTIFIER = "kwk.intro-to-segues";
				PRODUCT_NAME = "$(TARGET_NAME)";
				SWIFT_EMIT_LOC_STRINGS = YES;
				SWIFT_VERSION = 5.0;
				TARGETED_DEVICE_FAMILY = "1,2";
			};
			name = Release;
		};
		BD5FDCC228A53EB2004F1CDD /* Debug */ = {
			isa = XCBuildConfiguration;
			buildSettings = {
				ALWAYS_EMBED_SWIFT_STANDARD_LIBRARIES = YES;
				BUNDLE_LOADER = "$(TEST_HOST)";
				CODE_SIGN_STYLE = Automatic;
				CURRENT_PROJECT_VERSION = 1;
				GENERATE_INFOPLIST_FILE = YES;
				IPHONEOS_DEPLOYMENT_TARGET = 15.5;
				MARKETING_VERSION = 1.0;
				PRODUCT_BUNDLE_IDENTIFIER = "kwk.intro-to-seguesTests";
				PRODUCT_NAME = "$(TARGET_NAME)";
				SWIFT_EMIT_LOC_STRINGS = NO;
				SWIFT_VERSION = 5.0;
				TARGETED_DEVICE_FAMILY = "1,2";
				TEST_HOST = "$(BUILT_PRODUCTS_DIR)/intro-to-segues.app/intro-to-segues";
			};
			name = Debug;
		};
		BD5FDCC328A53EB2004F1CDD /* Release */ = {
			isa = XCBuildConfiguration;
			buildSettings = {
				ALWAYS_EMBED_SWIFT_STANDARD_LIBRARIES = YES;
				BUNDLE_LOADER = "$(TEST_HOST)";
				CODE_SIGN_STYLE = Automatic;
				CURRENT_PROJECT_VERSION = 1;
				GENERATE_INFOPLIST_FILE = YES;
				IPHONEOS_DEPLOYMENT_TARGET = 15.5;
				MARKETING_VERSION = 1.0;
				PRODUCT_BUNDLE_IDENTIFIER = "kwk.intro-to-seguesTests";
				PRODUCT_NAME = "$(TARGET_NAME)";
				SWIFT_EMIT_LOC_STRINGS = NO;
				SWIFT_VERSION = 5.0;
				TARGETED_DEVICE_FAMILY = "1,2";
				TEST_HOST = "$(BUILT_PRODUCTS_DIR)/intro-to-segues.app/intro-to-segues";
			};
			name = Release;
		};
		BD5FDCC528A53EB2004F1CDD /* Debug */ = {
			isa = XCBuildConfiguration;
			buildSettings = {
				ALWAYS_EMBED_SWIFT_STANDARD_LIBRARIES = YES;
				CODE_SIGN_STYLE = Automatic;
				CURRENT_PROJECT_VERSION = 1;
				GENERATE_INFOPLIST_FILE = YES;
				MARKETING_VERSION = 1.0;
				PRODUCT_BUNDLE_IDENTIFIER = "kwk.intro-to-seguesUITests";
				PRODUCT_NAME = "$(TARGET_NAME)";
				SWIFT_EMIT_LOC_STRINGS = NO;
				SWIFT_VERSION = 5.0;
				TARGETED_DEVICE_FAMILY = "1,2";
				TEST_TARGET_NAME = "intro-to-segues";
			};
			name = Debug;
		};
		BD5FDCC628A53EB2004F1CDD /* Release */ = {
			isa = XCBuildConfiguration;
			buildSettings = {
				ALWAYS_EMBED_SWIFT_STANDARD_LIBRARIES = YES;
				CODE_SIGN_STYLE = Automatic;
				CURRENT_PROJECT_VERSION = 1;
				GENERATE_INFOPLIST_FILE = YES;
				MARKETING_VERSION = 1.0;
				PRODUCT_BUNDLE_IDENTIFIER = "kwk.intro-to-seguesUITests";
				PRODUCT_NAME = "$(TARGET_NAME)";
				SWIFT_EMIT_LOC_STRINGS = NO;
				SWIFT_VERSION = 5.0;
				TARGETED_DEVICE_FAMILY = "1,2";
				TEST_TARGET_NAME = "intro-to-segues";
			};
			name = Release;
		};
/* End XCBuildConfiguration section */

/* Begin XCConfigurationList section */
		BD5FDC8C28A53EB0004F1CDD /* Build configuration list for PBXProject "intro-to-segues" */ = {
			isa = XCConfigurationList;
			buildConfigurations = (
				BD5FDCBC28A53EB2004F1CDD /* Debug */,
				BD5FDCBD28A53EB2004F1CDD /* Release */,
			);
			defaultConfigurationIsVisible = 0;
			defaultConfigurationName = Release;
		};
		BD5FDCBE28A53EB2004F1CDD /* Build configuration list for PBXNativeTarget "intro-to-segues" */ = {
			isa = XCConfigurationList;
			buildConfigurations = (
				BD5FDCBF28A53EB2004F1CDD /* Debug */,
				BD5FDCC028A53EB2004F1CDD /* Release */,
			);
			defaultConfigurationIsVisible = 0;
			defaultConfigurationName = Release;
		};
		BD5FDCC128A53EB2004F1CDD /* Build configuration list for PBXNativeTarget "intro-to-seguesTests" */ = {
			isa = XCConfigurationList;
			buildConfigurations = (
				BD5FDCC228A53EB2004F1CDD /* Debug */,
				BD5FDCC328A53EB2004F1CDD /* Release */,
			);
			defaultConfigurationIsVisible = 0;
			defaultConfigurationName = Release;
		};
		BD5FDCC428A53EB2004F1CDD /* Build configuration list for PBXNativeTarget "intro-to-seguesUITests" */ = {
			isa = XCConfigurationList;
			buildConfigurations = (
				BD5FDCC528A53EB2004F1CDD /* Debug */,
				BD5FDCC628A53EB2004F1CDD /* Release */,
			);
			defaultConfigurationIsVisible = 0;
			defaultConfigurationName = Release;
		};
/* End XCConfigurationList section */

/* Begin XCVersionGroup section */
		BD5FDC9D28A53EB0004F1CDD /* intro_to_segues.xcdatamodeld */ = {
			isa = XCVersionGroup;
			children = (
				BD5FDC9E28A53EB0004F1CDD /* intro_to_segues.xcdatamodel */,
			);
			currentVersion = BD5FDC9E28A53EB0004F1CDD /* intro_to_segues.xcdatamodel */;
			path = intro_to_segues.xcdatamodeld;
			sourceTree = "<group>";
			versionGroupType = wrapper.xcdatamodel;
		};
/* End XCVersionGroup section */
	};
	rootObject = BD5FDC8928A53EB0004F1CDD /* Project object */;
}
