// !$*UTF8*$!
{
	archiveVersion = 1;
	classes = {
	};
	objectVersion = 55;
	objects = {

/* Begin PBXBuildFile section */
		BD5FDC1728A42A2D004F1CDD /* AppDelegate.swift in Sources */ = {isa = PBXBuildFile; fileRef = BD5FDC1628A42A2D004F1CDD /* AppDelegate.swift */; };
		BD5FDC1928A42A2D004F1CDD /* SceneDelegate.swift in Sources */ = {isa = PBXBuildFile; fileRef = BD5FDC1828A42A2D004F1CDD /* SceneDelegate.swift */; };
		BD5FDC1B28A42A2D004F1CDD /* ViewController.swift in Sources */ = {isa = PBXBuildFile; fileRef = BD5FDC1A28A42A2D004F1CDD /* ViewController.swift */; };
		BD5FDC1E28A42A2D004F1CDD /* Main.storyboard in Resources */ = {isa = PBXBuildFile; fileRef = BD5FDC1C28A42A2D004F1CDD /* Main.storyboard */; };
		BD5FDC2128A42A2D004F1CDD /* actions_outlets.xcdatamodeld in Sources */ = {isa = PBXBuildFile; fileRef = BD5FDC1F28A42A2D004F1CDD /* actions_outlets.xcdatamodeld */; };
		BD5FDC2328A42A2F004F1CDD /* Assets.xcassets in Resources */ = {isa = PBXBuildFile; fileRef = BD5FDC2228A42A2F004F1CDD /* Assets.xcassets */; };
		BD5FDC2628A42A2F004F1CDD /* LaunchScreen.storyboard in Resources */ = {isa = PBXBuildFile; fileRef = BD5FDC2428A42A2F004F1CDD /* LaunchScreen.storyboard */; };
		BD5FDC3128A42A2F004F1CDD /* actions_outletsTests.swift in Sources */ = {isa = PBXBuildFile; fileRef = BD5FDC3028A42A2F004F1CDD /* actions_outletsTests.swift */; };
		BD5FDC3B28A42A2F004F1CDD /* actions_outletsUITests.swift in Sources */ = {isa = PBXBuildFile; fileRef = BD5FDC3A28A42A2F004F1CDD /* actions_outletsUITests.swift */; };
		BD5FDC3D28A42A2F004F1CDD /* actions_outletsUITestsLaunchTests.swift in Sources */ = {isa = PBXBuildFile; fileRef = BD5FDC3C28A42A2F004F1CDD /* actions_outletsUITestsLaunchTests.swift */; };
/* End PBXBuildFile section */

/* Begin PBXContainerItemProxy section */
		BD5FDC2D28A42A2F004F1CDD /* PBXContainerItemProxy */ = {
			isa = PBXContainerItemProxy;
			containerPortal = BD5FDC0B28A42A2D004F1CDD /* Project object */;
			proxyType = 1;
			remoteGlobalIDString = BD5FDC1228A42A2D004F1CDD;
			remoteInfo = "actions&outlets";
		};
		BD5FDC3728A42A2F004F1CDD /* PBXContainerItemProxy */ = {
			isa = PBXContainerItemProxy;
			containerPortal = BD5FDC0B28A42A2D004F1CDD /* Project object */;
			proxyType = 1;
			remoteGlobalIDString = BD5FDC1228A42A2D004F1CDD;
			remoteInfo = "actions&outlets";
		};
/* End PBXContainerItemProxy section */

/* Begin PBXFileReference section */
		BD5FDC1328A42A2D004F1CDD /* actions&outlets.app */ = {isa = PBXFileReference; explicitFileType = wrapper.application; includeInIndex = 0; path = "actions&outlets.app"; sourceTree = BUILT_PRODUCTS_DIR; };
		BD5FDC1628A42A2D004F1CDD /* AppDelegate.swift */ = {isa = PBXFileReference; lastKnownFileType = sourcecode.swift; path = AppDelegate.swift; sourceTree = "<group>"; };
		BD5FDC1828A42A2D004F1CDD /* SceneDelegate.swift */ = {isa = PBXFileReference; lastKnownFileType = sourcecode.swift; path = SceneDelegate.swift; sourceTree = "<group>"; };
		BD5FDC1A28A42A2D004F1CDD /* ViewController.swift */ = {isa = PBXFileReference; lastKnownFileType = sourcecode.swift; path = ViewController.swift; sourceTree = "<group>"; };
		BD5FDC1D28A42A2D004F1CDD /* Base */ = {isa = PBXFileReference; lastKnownFileType = file.storyboard; name = Base; path = Base.lproj/Main.storyboard; sourceTree = "<group>"; };
		BD5FDC2028A42A2D004F1CDD /* actions_outlets.xcdatamodel */ = {isa = PBXFileReference; lastKnownFileType = wrapper.xcdatamodel; path = actions_outlets.xcdatamodel; sourceTree = "<group>"; };
		BD5FDC2228A42A2F004F1CDD /* Assets.xcassets */ = {isa = PBXFileReference; lastKnownFileType = folder.assetcatalog; path = Assets.xcassets; sourceTree = "<group>"; };
		BD5FDC2528A42A2F004F1CDD /* Base */ = {isa = PBXFileReference; lastKnownFileType = file.storyboard; name = Base; path = Base.lproj/LaunchScreen.storyboard; sourceTree = "<group>"; };
		BD5FDC2728A42A2F004F1CDD /* Info.plist */ = {isa = PBXFileReference; lastKnownFileType = text.plist.xml; path = Info.plist; sourceTree = "<group>"; };
		BD5FDC2C28A42A2F004F1CDD /* actions&outletsTests.xctest */ = {isa = PBXFileReference; explicitFileType = wrapper.cfbundle; includeInIndex = 0; path = "actions&outletsTests.xctest"; sourceTree = BUILT_PRODUCTS_DIR; };
		BD5FDC3028A42A2F004F1CDD /* actions_outletsTests.swift */ = {isa = PBXFileReference; lastKnownFileType = sourcecode.swift; path = actions_outletsTests.swift; sourceTree = "<group>"; };
		BD5FDC3628A42A2F004F1CDD /* actions&outletsUITests.xctest */ = {isa = PBXFileReference; explicitFileType = wrapper.cfbundle; includeInIndex = 0; path = "actions&outletsUITests.xctest"; sourceTree = BUILT_PRODUCTS_DIR; };
		BD5FDC3A28A42A2F004F1CDD /* actions_outletsUITests.swift */ = {isa = PBXFileReference; lastKnownFileType = sourcecode.swift; path = actions_outletsUITests.swift; sourceTree = "<group>"; };
		BD5FDC3C28A42A2F004F1CDD /* actions_outletsUITestsLaunchTests.swift */ = {isa = PBXFileReference; lastKnownFileType = sourcecode.swift; path = actions_outletsUITestsLaunchTests.swift; sourceTree = "<group>"; };
/* End PBXFileReference section */

/* Begin PBXFrameworksBuildPhase section */
		BD5FDC1028A42A2D004F1CDD /* Frameworks */ = {
			isa = PBXFrameworksBuildPhase;
			buildActionMask = 2147483647;
			files = (
			);
			runOnlyForDeploymentPostprocessing = 0;
		};
		BD5FDC2928A42A2F004F1CDD /* Frameworks */ = {
			isa = PBXFrameworksBuildPhase;
			buildActionMask = 2147483647;
			files = (
			);
			runOnlyForDeploymentPostprocessing = 0;
		};
		BD5FDC3328A42A2F004F1CDD /* Frameworks */ = {
			isa = PBXFrameworksBuildPhase;
			buildActionMask = 2147483647;
			files = (
			);
			runOnlyForDeploymentPostprocessing = 0;
		};
/* End PBXFrameworksBuildPhase section */

/* Begin PBXGroup section */
		BD5FDC0A28A42A2D004F1CDD = {
			isa = PBXGroup;
			children = (
				BD5FDC1528A42A2D004F1CDD /* actions&outlets */,
				BD5FDC2F28A42A2F004F1CDD /* actions&outletsTests */,
				BD5FDC3928A42A2F004F1CDD /* actions&outletsUITests */,
				BD5FDC1428A42A2D004F1CDD /* Products */,
			);
			sourceTree = "<group>";
		};
		BD5FDC1428A42A2D004F1CDD /* Products */ = {
			isa = PBXGroup;
			children = (
				BD5FDC1328A42A2D004F1CDD /* actions&outlets.app */,
				BD5FDC2C28A42A2F004F1CDD /* actions&outletsTests.xctest */,
				BD5FDC3628A42A2F004F1CDD /* actions&outletsUITests.xctest */,
			);
			name = Products;
			sourceTree = "<group>";
		};
		BD5FDC1528A42A2D004F1CDD /* actions&outlets */ = {
			isa = PBXGroup;
			children = (
				BD5FDC1628A42A2D004F1CDD /* AppDelegate.swift */,
				BD5FDC1828A42A2D004F1CDD /* SceneDelegate.swift */,
				BD5FDC1A28A42A2D004F1CDD /* ViewController.swift */,
				BD5FDC1C28A42A2D004F1CDD /* Main.storyboard */,
				BD5FDC2228A42A2F004F1CDD /* Assets.xcassets */,
				BD5FDC2428A42A2F004F1CDD /* LaunchScreen.storyboard */,
				BD5FDC2728A42A2F004F1CDD /* Info.plist */,
				BD5FDC1F28A42A2D004F1CDD /* actions_outlets.xcdatamodeld */,
			);
			path = "actions&outlets";
			sourceTree = "<group>";
		};
		BD5FDC2F28A42A2F004F1CDD /* actions&outletsTests */ = {
			isa = PBXGroup;
			children = (
				BD5FDC3028A42A2F004F1CDD /* actions_outletsTests.swift */,
			);
			path = "actions&outletsTests";
			sourceTree = "<group>";
		};
		BD5FDC3928A42A2F004F1CDD /* actions&outletsUITests */ = {
			isa = PBXGroup;
			children = (
				BD5FDC3A28A42A2F004F1CDD /* actions_outletsUITests.swift */,
				BD5FDC3C28A42A2F004F1CDD /* actions_outletsUITestsLaunchTests.swift */,
			);
			path = "actions&outletsUITests";
			sourceTree = "<group>";
		};
/* End PBXGroup section */

/* Begin PBXNativeTarget section */
		BD5FDC1228A42A2D004F1CDD /* actions&outlets */ = {
			isa = PBXNativeTarget;
			buildConfigurationList = BD5FDC4028A42A2F004F1CDD /* Build configuration list for PBXNativeTarget "actions&outlets" */;
			buildPhases = (
				BD5FDC0F28A42A2D004F1CDD /* Sources */,
				BD5FDC1028A42A2D004F1CDD /* Frameworks */,
				BD5FDC1128A42A2D004F1CDD /* Resources */,
			);
			buildRules = (
			);
			dependencies = (
			);
			name = "actions&outlets";
			productName = "actions&outlets";
			productReference = BD5FDC1328A42A2D004F1CDD /* actions&outlets.app */;
			productType = "com.apple.product-type.application";
		};
		BD5FDC2B28A42A2F004F1CDD /* actions&outletsTests */ = {
			isa = PBXNativeTarget;
			buildConfigurationList = BD5FDC4328A42A2F004F1CDD /* Build configuration list for PBXNativeTarget "actions&outletsTests" */;
			buildPhases = (
				BD5FDC2828A42A2F004F1CDD /* Sources */,
				BD5FDC2928A42A2F004F1CDD /* Frameworks */,
				BD5FDC2A28A42A2F004F1CDD /* Resources */,
			);
			buildRules = (
			);
			dependencies = (
				BD5FDC2E28A42A2F004F1CDD /* PBXTargetDependency */,
			);
			name = "actions&outletsTests";
			productName = "actions&outletsTests";
			productReference = BD5FDC2C28A42A2F004F1CDD /* actions&outletsTests.xctest */;
			productType = "com.apple.product-type.bundle.unit-test";
		};
		BD5FDC3528A42A2F004F1CDD /* actions&outletsUITests */ = {
			isa = PBXNativeTarget;
			buildConfigurationList = BD5FDC4628A42A2F004F1CDD /* Build configuration list for PBXNativeTarget "actions&outletsUITests" */;
			buildPhases = (
				BD5FDC3228A42A2F004F1CDD /* Sources */,
				BD5FDC3328A42A2F004F1CDD /* Frameworks */,
				BD5FDC3428A42A2F004F1CDD /* Resources */,
			);
			buildRules = (
			);
			dependencies = (
				BD5FDC3828A42A2F004F1CDD /* PBXTargetDependency */,
			);
			name = "actions&outletsUITests";
			productName = "actions&outletsUITests";
			productReference = BD5FDC3628A42A2F004F1CDD /* actions&outletsUITests.xctest */;
			productType = "com.apple.product-type.bundle.ui-testing";
		};
/* End PBXNativeTarget section */

/* Begin PBXProject section */
		BD5FDC0B28A42A2D004F1CDD /* Project object */ = {
			isa = PBXProject;
			attributes = {
				BuildIndependentTargetsInParallel = 1;
				LastSwiftUpdateCheck = 1340;
				LastUpgradeCheck = 1340;
				TargetAttributes = {
					BD5FDC1228A42A2D004F1CDD = {
						CreatedOnToolsVersion = 13.4.1;
					};
					BD5FDC2B28A42A2F004F1CDD = {
						CreatedOnToolsVersion = 13.4.1;
						TestTargetID = BD5FDC1228A42A2D004F1CDD;
					};
					BD5FDC3528A42A2F004F1CDD = {
						CreatedOnToolsVersion = 13.4.1;
						TestTargetID = BD5FDC1228A42A2D004F1CDD;
					};
				};
			};
			buildConfigurationList = BD5FDC0E28A42A2D004F1CDD /* Build configuration list for PBXProject "actions&outlets" */;
			compatibilityVersion = "Xcode 13.0";
			developmentRegion = en;
			hasScannedForEncodings = 0;
			knownRegions = (
				en,
				Base,
			);
			mainGroup = BD5FDC0A28A42A2D004F1CDD;
			productRefGroup = BD5FDC1428A42A2D004F1CDD /* Products */;
			projectDirPath = "";
			projectRoot = "";
			targets = (
				BD5FDC1228A42A2D004F1CDD /* actions&outlets */,
				BD5FDC2B28A42A2F004F1CDD /* actions&outletsTests */,
				BD5FDC3528A42A2F004F1CDD /* actions&outletsUITests */,
			);
		};
/* End PBXProject section */

/* Begin PBXResourcesBuildPhase section */
		BD5FDC1128A42A2D004F1CDD /* Resources */ = {
			isa = PBXResourcesBuildPhase;
			buildActionMask = 2147483647;
			files = (
				BD5FDC2628A42A2F004F1CDD /* LaunchScreen.storyboard in Resources */,
				BD5FDC2328A42A2F004F1CDD /* Assets.xcassets in Resources */,
				BD5FDC1E28A42A2D004F1CDD /* Main.storyboard in Resources */,
			);
			runOnlyForDeploymentPostprocessing = 0;
		};
		BD5FDC2A28A42A2F004F1CDD /* Resources */ = {
			isa = PBXResourcesBuildPhase;
			buildActionMask = 2147483647;
			files = (
			);
			runOnlyForDeploymentPostprocessing = 0;
		};
		BD5FDC3428A42A2F004F1CDD /* Resources */ = {
			isa = PBXResourcesBuildPhase;
			buildActionMask = 2147483647;
			files = (
			);
			runOnlyForDeploymentPostprocessing = 0;
		};
/* End PBXResourcesBuildPhase section */

/* Begin PBXSourcesBuildPhase section */
		BD5FDC0F28A42A2D004F1CDD /* Sources */ = {
			isa = PBXSourcesBuildPhase;
			buildActionMask = 2147483647;
			files = (
				BD5FDC2128A42A2D004F1CDD /* actions_outlets.xcdatamodeld in Sources */,
				BD5FDC1B28A42A2D004F1CDD /* ViewController.swift in Sources */,
				BD5FDC1728A42A2D004F1CDD /* AppDelegate.swift in Sources */,
				BD5FDC1928A42A2D004F1CDD /* SceneDelegate.swift in Sources */,
			);
			runOnlyForDeploymentPostprocessing = 0;
		};
		BD5FDC2828A42A2F004F1CDD /* Sources */ = {
			isa = PBXSourcesBuildPhase;
			buildActionMask = 2147483647;
			files = (
				BD5FDC3128A42A2F004F1CDD /* actions_outletsTests.swift in Sources */,
			);
			runOnlyForDeploymentPostprocessing = 0;
		};
		BD5FDC3228A42A2F004F1CDD /* Sources */ = {
			isa = PBXSourcesBuildPhase;
			buildActionMask = 2147483647;
			files = (
				BD5FDC3B28A42A2F004F1CDD /* actions_outletsUITests.swift in Sources */,
				BD5FDC3D28A42A2F004F1CDD /* actions_outletsUITestsLaunchTests.swift in Sources */,
			);
			runOnlyForDeploymentPostprocessing = 0;
		};
/* End PBXSourcesBuildPhase section */

/* Begin PBXTargetDependency section */
		BD5FDC2E28A42A2F004F1CDD /* PBXTargetDependency */ = {
			isa = PBXTargetDependency;
			target = BD5FDC1228A42A2D004F1CDD /* actions&outlets */;
			targetProxy = BD5FDC2D28A42A2F004F1CDD /* PBXContainerItemProxy */;
		};
		BD5FDC3828A42A2F004F1CDD /* PBXTargetDependency */ = {
			isa = PBXTargetDependency;
			target = BD5FDC1228A42A2D004F1CDD /* actions&outlets */;
			targetProxy = BD5FDC3728A42A2F004F1CDD /* PBXContainerItemProxy */;
		};
/* End PBXTargetDependency section */

/* Begin PBXVariantGroup section */
		BD5FDC1C28A42A2D004F1CDD /* Main.storyboard */ = {
			isa = PBXVariantGroup;
			children = (
				BD5FDC1D28A42A2D004F1CDD /* Base */,
			);
			name = Main.storyboard;
			sourceTree = "<group>";
		};
		BD5FDC2428A42A2F004F1CDD /* LaunchScreen.storyboard */ = {
			isa = PBXVariantGroup;
			children = (
				BD5FDC2528A42A2F004F1CDD /* Base */,
			);
			name = LaunchScreen.storyboard;
			sourceTree = "<group>";
		};
/* End PBXVariantGroup section */

/* Begin XCBuildConfiguration section */
		BD5FDC3E28A42A2F004F1CDD /* Debug */ = {
			isa = XCBuildConfiguration;
			buildSettings = {
				ALWAYS_SEARCH_USER_PATHS = NO;
				CLANG_ANALYZER_NONNULL = YES;
				CLANG_ANALYZER_NUMBER_OBJECT_CONVERSION = YES_AGGRESSIVE;
				CLANG_CXX_LANGUAGE_STANDARD = "gnu++17";
				CLANG_ENABLE_MODULES = YES;
				CLANG_ENABLE_OBJC_ARC = YES;
				CLANG_ENABLE_OBJC_WEAK = YES;
				CLANG_WARN_BLOCK_CAPTURE_AUTORELEASING = YES;
				CLANG_WARN_BOOL_CONVERSION = YES;
				CLANG_WARN_COMMA = YES;
				CLANG_WARN_CONSTANT_CONVERSION = YES;
				CLANG_WARN_DEPRECATED_OBJC_IMPLEMENTATIONS = YES;
				CLANG_WARN_DIRECT_OBJC_ISA_USAGE = YES_ERROR;
				CLANG_WARN_DOCUMENTATION_COMMENTS = YES;
				CLANG_WARN_EMPTY_BODY = YES;
				CLANG_WARN_ENUM_CONVERSION = YES;
				CLANG_WARN_INFINITE_RECURSION = YES;
				CLANG_WARN_INT_CONVERSION = YES;
				CLANG_WARN_NON_LITERAL_NULL_CONVERSION = YES;
				CLANG_WARN_OBJC_IMPLICIT_RETAIN_SELF = YES;
				CLANG_WARN_OBJC_LITERAL_CONVERSION = YES;
				CLANG_WARN_OBJC_ROOT_CLASS = YES_ERROR;
				CLANG_WARN_QUOTED_INCLUDE_IN_FRAMEWORK_HEADER = YES;
				CLANG_WARN_RANGE_LOOP_ANALYSIS = YES;
				CLANG_WARN_STRICT_PROTOTYPES = YES;
				CLANG_WARN_SUSPICIOUS_MOVE = YES;
				CLANG_WARN_UNGUARDED_AVAILABILITY = YES_AGGRESSIVE;
				CLANG_WARN_UNREACHABLE_CODE = YES;
				CLANG_WARN__DUPLICATE_METHOD_MATCH = YES;
				COPY_PHASE_STRIP = NO;
				DEBUG_INFORMATION_FORMAT = dwarf;
				ENABLE_STRICT_OBJC_MSGSEND = YES;
				ENABLE_TESTABILITY = YES;
				GCC_C_LANGUAGE_STANDARD = gnu11;
				GCC_DYNAMIC_NO_PIC = NO;
				GCC_NO_COMMON_BLOCKS = YES;
				GCC_OPTIMIZATION_LEVEL = 0;
				GCC_PREPROCESSOR_DEFINITIONS = (
					"DEBUG=1",
					"$(inherited)",
				);
				GCC_WARN_64_TO_32_BIT_CONVERSION = YES;
				GCC_WARN_ABOUT_RETURN_TYPE = YES_ERROR;
				GCC_WARN_UNDECLARED_SELECTOR = YES;
				GCC_WARN_UNINITIALIZED_AUTOS = YES_AGGRESSIVE;
				GCC_WARN_UNUSED_FUNCTION = YES;
				GCC_WARN_UNUSED_VARIABLE = YES;
				IPHONEOS_DEPLOYMENT_TARGET = 15.5;
				MTL_ENABLE_DEBUG_INFO = INCLUDE_SOURCE;
				MTL_FAST_MATH = YES;
				ONLY_ACTIVE_ARCH = YES;
				SDKROOT = iphoneos;
				SWIFT_ACTIVE_COMPILATION_CONDITIONS = DEBUG;
				SWIFT_OPTIMIZATION_LEVEL = "-Onone";
			};
			name = Debug;
		};
		BD5FDC3F28A42A2F004F1CDD /* Release */ = {
			isa = XCBuildConfiguration;
			buildSettings = {
				ALWAYS_SEARCH_USER_PATHS = NO;
				CLANG_ANALYZER_NONNULL = YES;
				CLANG_ANALYZER_NUMBER_OBJECT_CONVERSION = YES_AGGRESSIVE;
				CLANG_CXX_LANGUAGE_STANDARD = "gnu++17";
				CLANG_ENABLE_MODULES = YES;
				CLANG_ENABLE_OBJC_ARC = YES;
				CLANG_ENABLE_OBJC_WEAK = YES;
				CLANG_WARN_BLOCK_CAPTURE_AUTORELEASING = YES;
				CLANG_WARN_BOOL_CONVERSION = YES;
				CLANG_WARN_COMMA = YES;
				CLANG_WARN_CONSTANT_CONVERSION = YES;
				CLANG_WARN_DEPRECATED_OBJC_IMPLEMENTATIONS = YES;
				CLANG_WARN_DIRECT_OBJC_ISA_USAGE = YES_ERROR;
				CLANG_WARN_DOCUMENTATION_COMMENTS = YES;
				CLANG_WARN_EMPTY_BODY = YES;
				CLANG_WARN_ENUM_CONVERSION = YES;
				CLANG_WARN_INFINITE_RECURSION = YES;
				CLANG_WARN_INT_CONVERSION = YES;
				CLANG_WARN_NON_LITERAL_NULL_CONVERSION = YES;
				CLANG_WARN_OBJC_IMPLICIT_RETAIN_SELF = YES;
				CLANG_WARN_OBJC_LITERAL_CONVERSION = YES;
				CLANG_WARN_OBJC_ROOT_CLASS = YES_ERROR;
				CLANG_WARN_QUOTED_INCLUDE_IN_FRAMEWORK_HEADER = YES;
				CLANG_WARN_RANGE_LOOP_ANALYSIS = YES;
				CLANG_WARN_STRICT_PROTOTYPES = YES;
				CLANG_WARN_SUSPICIOUS_MOVE = YES;
				CLANG_WARN_UNGUARDED_AVAILABILITY = YES_AGGRESSIVE;
				CLANG_WARN_UNREACHABLE_CODE = YES;
				CLANG_WARN__DUPLICATE_METHOD_MATCH = YES;
				COPY_PHASE_STRIP = NO;
				DEBUG_INFORMATION_FORMAT = "dwarf-with-dsym";
				ENABLE_NS_ASSERTIONS = NO;
				ENABLE_STRICT_OBJC_MSGSEND = YES;
				GCC_C_LANGUAGE_STANDARD = gnu11;
				GCC_NO_COMMON_BLOCKS = YES;
				GCC_WARN_64_TO_32_BIT_CONVERSION = YES;
				GCC_WARN_ABOUT_RETURN_TYPE = YES_ERROR;
				GCC_WARN_UNDECLARED_SELECTOR = YES;
				GCC_WARN_UNINITIALIZED_AUTOS = YES_AGGRESSIVE;
				GCC_WARN_UNUSED_FUNCTION = YES;
				GCC_WARN_UNUSED_VARIABLE = YES;
				IPHONEOS_DEPLOYMENT_TARGET = 15.5;
				MTL_ENABLE_DEBUG_INFO = NO;
				MTL_FAST_MATH = YES;
				SDKROOT = iphoneos;
				SWIFT_COMPILATION_MODE = wholemodule;
				SWIFT_OPTIMIZATION_LEVEL = "-O";
				VALIDATE_PRODUCT = YES;
			};
			name = Release;
		};
		BD5FDC4128A42A2F004F1CDD /* Debug */ = {
			isa = XCBuildConfiguration;
			buildSettings = {
				ASSETCATALOG_COMPILER_APPICON_NAME = AppIcon;
				ASSETCATALOG_COMPILER_GLOBAL_ACCENT_COLOR_NAME = AccentColor;
				CODE_SIGN_STYLE = Automatic;
				CURRENT_PROJECT_VERSION = 1;
				GENERATE_INFOPLIST_FILE = YES;
				INFOPLIST_FILE = "actions&outlets/Info.plist";
				INFOPLIST_KEY_UIApplicationSupportsIndirectInputEvents = YES;
				INFOPLIST_KEY_UILaunchStoryboardName = LaunchScreen;
				INFOPLIST_KEY_UIMainStoryboardFile = Main;
				INFOPLIST_KEY_UISupportedInterfaceOrientations_iPad = "UIInterfaceOrientationPortrait UIInterfaceOrientationPortraitUpsideDown UIInterfaceOrientationLandscapeLeft UIInterfaceOrientationLandscapeRight";
				INFOPLIST_KEY_UISupportedInterfaceOrientations_iPhone = "UIInterfaceOrientationPortrait UIInterfaceOrientationLandscapeLeft UIInterfaceOrientationLandscapeRight";
				LD_RUNPATH_SEARCH_PATHS = (
					"$(inherited)",
					"@executable_path/Frameworks",
				);
				MARKETING_VERSION = 1.0;
				PRODUCT_BUNDLE_IDENTIFIER = "kwk.actions-outlets";
				PRODUCT_NAME = "$(TARGET_NAME)";
				SWIFT_EMIT_LOC_STRINGS = YES;
				SWIFT_VERSION = 5.0;
				TARGETED_DEVICE_FAMILY = "1,2";
			};
			name = Debug;
		};
		BD5FDC4228A42A2F004F1CDD /* Release */ = {
			isa = XCBuildConfiguration;
			buildSettings = {
				ASSETCATALOG_COMPILER_APPICON_NAME = AppIcon;
				ASSETCATALOG_COMPILER_GLOBAL_ACCENT_COLOR_NAME = AccentColor;
				CODE_SIGN_STYLE = Automatic;
				CURRENT_PROJECT_VERSION = 1;
				GENERATE_INFOPLIST_FILE = YES;
				INFOPLIST_FILE = "actions&outlets/Info.plist";
				INFOPLIST_KEY_UIApplicationSupportsIndirectInputEvents = YES;
				INFOPLIST_KEY_UILaunchStoryboardName = LaunchScreen;
				INFOPLIST_KEY_UIMainStoryboardFile = Main;
				INFOPLIST_KEY_UISupportedInterfaceOrientations_iPad = "UIInterfaceOrientationPortrait UIInterfaceOrientationPortraitUpsideDown UIInterfaceOrientationLandscapeLeft UIInterfaceOrientationLandscapeRight";
				INFOPLIST_KEY_UISupportedInterfaceOrientations_iPhone = "UIInterfaceOrientationPortrait UIInterfaceOrientationLandscapeLeft UIInterfaceOrientationLandscapeRight";
				LD_RUNPATH_SEARCH_PATHS = (
					"$(inherited)",
					"@executable_path/Frameworks",
				);
				MARKETING_VERSION = 1.0;
				PRODUCT_BUNDLE_IDENTIFIER = "kwk.actions-outlets";
				PRODUCT_NAME = "$(TARGET_NAME)";
				SWIFT_EMIT_LOC_STRINGS = YES;
				SWIFT_VERSION = 5.0;
				TARGETED_DEVICE_FAMILY = "1,2";
			};
			name = Release;
		};
		BD5FDC4428A42A2F004F1CDD /* Debug */ = {
			isa = XCBuildConfiguration;
			buildSettings = {
				ALWAYS_EMBED_SWIFT_STANDARD_LIBRARIES = YES;
				BUNDLE_LOADER = "$(TEST_HOST)";
				CODE_SIGN_STYLE = Automatic;
				CURRENT_PROJECT_VERSION = 1;
				GENERATE_INFOPLIST_FILE = YES;
				IPHONEOS_DEPLOYMENT_TARGET = 15.5;
				MARKETING_VERSION = 1.0;
				PRODUCT_BUNDLE_IDENTIFIER = "kwk.actions-outletsTests";
				PRODUCT_NAME = "$(TARGET_NAME)";
				SWIFT_EMIT_LOC_STRINGS = NO;
				SWIFT_VERSION = 5.0;
				TARGETED_DEVICE_FAMILY = "1,2";
				TEST_HOST = "$(BUILT_PRODUCTS_DIR)/actions&outlets.app/actions&outlets";
			};
			name = Debug;
		};
		BD5FDC4528A42A2F004F1CDD /* Release */ = {
			isa = XCBuildConfiguration;
			buildSettings = {
				ALWAYS_EMBED_SWIFT_STANDARD_LIBRARIES = YES;
				BUNDLE_LOADER = "$(TEST_HOST)";
				CODE_SIGN_STYLE = Automatic;
				CURRENT_PROJECT_VERSION = 1;
				GENERATE_INFOPLIST_FILE = YES;
				IPHONEOS_DEPLOYMENT_TARGET = 15.5;
				MARKETING_VERSION = 1.0;
				PRODUCT_BUNDLE_IDENTIFIER = "kwk.actions-outletsTests";
				PRODUCT_NAME = "$(TARGET_NAME)";
				SWIFT_EMIT_LOC_STRINGS = NO;
				SWIFT_VERSION = 5.0;
				TARGETED_DEVICE_FAMILY = "1,2";
				TEST_HOST = "$(BUILT_PRODUCTS_DIR)/actions&outlets.app/actions&outlets";
			};
			name = Release;
		};
		BD5FDC4728A42A2F004F1CDD /* Debug */ = {
			isa = XCBuildConfiguration;
			buildSettings = {
				ALWAYS_EMBED_SWIFT_STANDARD_LIBRARIES = YES;
				CODE_SIGN_STYLE = Automatic;
				CURRENT_PROJECT_VERSION = 1;
				GENERATE_INFOPLIST_FILE = YES;
				MARKETING_VERSION = 1.0;
				PRODUCT_BUNDLE_IDENTIFIER = "kwk.actions-outletsUITests";
				PRODUCT_NAME = "$(TARGET_NAME)";
				SWIFT_EMIT_LOC_STRINGS = NO;
				SWIFT_VERSION = 5.0;
				TARGETED_DEVICE_FAMILY = "1,2";
				TEST_TARGET_NAME = "actions&outlets";
			};
			name = Debug;
		};
		BD5FDC4828A42A2F004F1CDD /* Release */ = {
			isa = XCBuildConfiguration;
			buildSettings = {
				ALWAYS_EMBED_SWIFT_STANDARD_LIBRARIES = YES;
				CODE_SIGN_STYLE = Automatic;
				CURRENT_PROJECT_VERSION = 1;
				GENERATE_INFOPLIST_FILE = YES;
				MARKETING_VERSION = 1.0;
				PRODUCT_BUNDLE_IDENTIFIER = "kwk.actions-outletsUITests";
				PRODUCT_NAME = "$(TARGET_NAME)";
				SWIFT_EMIT_LOC_STRINGS = NO;
				SWIFT_VERSION = 5.0;
				TARGETED_DEVICE_FAMILY = "1,2";
				TEST_TARGET_NAME = "actions&outlets";
			};
			name = Release;
		};
/* End XCBuildConfiguration section */

/* Begin XCConfigurationList section */
		BD5FDC0E28A42A2D004F1CDD /* Build configuration list for PBXProject "actions&outlets" */ = {
			isa = XCConfigurationList;
			buildConfigurations = (
				BD5FDC3E28A42A2F004F1CDD /* Debug */,
				BD5FDC3F28A42A2F004F1CDD /* Release */,
			);
			defaultConfigurationIsVisible = 0;
			defaultConfigurationName = Release;
		};
		BD5FDC4028A42A2F004F1CDD /* Build configuration list for PBXNativeTarget "actions&outlets" */ = {
			isa = XCConfigurationList;
			buildConfigurations = (
				BD5FDC4128A42A2F004F1CDD /* Debug */,
				BD5FDC4228A42A2F004F1CDD /* Release */,
			);
			defaultConfigurationIsVisible = 0;
			defaultConfigurationName = Release;
		};
		BD5FDC4328A42A2F004F1CDD /* Build configuration list for PBXNativeTarget "actions&outletsTests" */ = {
			isa = XCConfigurationList;
			buildConfigurations = (
				BD5FDC4428A42A2F004F1CDD /* Debug */,
				BD5FDC4528A42A2F004F1CDD /* Release */,
			);
			defaultConfigurationIsVisible = 0;
			defaultConfigurationName = Release;
		};
		BD5FDC4628A42A2F004F1CDD /* Build configuration list for PBXNativeTarget "actions&outletsUITests" */ = {
			isa = XCConfigurationList;
			buildConfigurations = (
				BD5FDC4728A42A2F004F1CDD /* Debug */,
				BD5FDC4828A42A2F004F1CDD /* Release */,
			);
			defaultConfigurationIsVisible = 0;
			defaultConfigurationName = Release;
		};
/* End XCConfigurationList section */

/* Begin XCVersionGroup section */
		BD5FDC1F28A42A2D004F1CDD /* actions_outlets.xcdatamodeld */ = {
			isa = XCVersionGroup;
			children = (
				BD5FDC2028A42A2D004F1CDD /* actions_outlets.xcdatamodel */,
			);
			currentVersion = BD5FDC2028A42A2D004F1CDD /* actions_outlets.xcdatamodel */;
			path = actions_outlets.xcdatamodeld;
			sourceTree = "<group>";
			versionGroupType = wrapper.xcdatamodel;
		};
/* End XCVersionGroup section */
	};
	rootObject = BD5FDC0B28A42A2D004F1CDD /* Project object */;
}
