// !$*UTF8*$!
{
	archiveVersion = 1;
	classes = {
	};
	objectVersion = 55;
	objects = {

/* Begin PBXBuildFile section */
		BD5FDC5628A437DF004F1CDD /* AppDelegate.swift in Sources */ = {isa = PBXBuildFile; fileRef = BD5FDC5528A437DF004F1CDD /* AppDelegate.swift */; };
		BD5FDC5828A437DF004F1CDD /* SceneDelegate.swift in Sources */ = {isa = PBXBuildFile; fileRef = BD5FDC5728A437DF004F1CDD /* SceneDelegate.swift */; };
		BD5FDC5A28A437DF004F1CDD /* ViewController.swift in Sources */ = {isa = PBXBuildFile; fileRef = BD5FDC5928A437DF004F1CDD /* ViewController.swift */; };
		BD5FDC5D28A437DF004F1CDD /* Main.storyboard in Resources */ = {isa = PBXBuildFile; fileRef = BD5FDC5B28A437DF004F1CDD /* Main.storyboard */; };
		BD5FDC6028A437DF004F1CDD /* mini_project1.xcdatamodeld in Sources */ = {isa = PBXBuildFile; fileRef = BD5FDC5E28A437DF004F1CDD /* mini_project1.xcdatamodeld */; };
		BD5FDC6228A437E0004F1CDD /* Assets.xcassets in Resources */ = {isa = PBXBuildFile; fileRef = BD5FDC6128A437E0004F1CDD /* Assets.xcassets */; };
		BD5FDC6528A437E0004F1CDD /* LaunchScreen.storyboard in Resources */ = {isa = PBXBuildFile; fileRef = BD5FDC6328A437E0004F1CDD /* LaunchScreen.storyboard */; };
		BD5FDC7028A437E1004F1CDD /* mini_project1Tests.swift in Sources */ = {isa = PBXBuildFile; fileRef = BD5FDC6F28A437E1004F1CDD /* mini_project1Tests.swift */; };
		BD5FDC7A28A437E1004F1CDD /* mini_project1UITests.swift in Sources */ = {isa = PBXBuildFile; fileRef = BD5FDC7928A437E1004F1CDD /* mini_project1UITests.swift */; };
		BD5FDC7C28A437E1004F1CDD /* mini_project1UITestsLaunchTests.swift in Sources */ = {isa = PBXBuildFile; fileRef = BD5FDC7B28A437E1004F1CDD /* mini_project1UITestsLaunchTests.swift */; };
/* End PBXBuildFile section */

/* Begin PBXContainerItemProxy section */
		BD5FDC6C28A437E1004F1CDD /* PBXContainerItemProxy */ = {
			isa = PBXContainerItemProxy;
			containerPortal = BD5FDC4A28A437DF004F1CDD /* Project object */;
			proxyType = 1;
			remoteGlobalIDString = BD5FDC5128A437DF004F1CDD;
			remoteInfo = "mini-project1";
		};
		BD5FDC7628A437E1004F1CDD /* PBXContainerItemProxy */ = {
			isa = PBXContainerItemProxy;
			containerPortal = BD5FDC4A28A437DF004F1CDD /* Project object */;
			proxyType = 1;
			remoteGlobalIDString = BD5FDC5128A437DF004F1CDD;
			remoteInfo = "mini-project1";
		};
/* End PBXContainerItemProxy section */

/* Begin PBXFileReference section */
		BD5FDC5228A437DF004F1CDD /* mini-project1.app */ = {isa = PBXFileReference; explicitFileType = wrapper.application; includeInIndex = 0; path = "mini-project1.app"; sourceTree = BUILT_PRODUCTS_DIR; };
		BD5FDC5528A437DF004F1CDD /* AppDelegate.swift */ = {isa = PBXFileReference; lastKnownFileType = sourcecode.swift; path = AppDelegate.swift; sourceTree = "<group>"; };
		BD5FDC5728A437DF004F1CDD /* SceneDelegate.swift */ = {isa = PBXFileReference; lastKnownFileType = sourcecode.swift; path = SceneDelegate.swift; sourceTree = "<group>"; };
		BD5FDC5928A437DF004F1CDD /* ViewController.swift */ = {isa = PBXFileReference; lastKnownFileType = sourcecode.swift; path = ViewController.swift; sourceTree = "<group>"; };
		BD5FDC5C28A437DF004F1CDD /* Base */ = {isa = PBXFileReference; lastKnownFileType = file.storyboard; name = Base; path = Base.lproj/Main.storyboard; sourceTree = "<group>"; };
		BD5FDC5F28A437DF004F1CDD /* mini_project1.xcdatamodel */ = {isa = PBXFileReference; lastKnownFileType = wrapper.xcdatamodel; path = mini_project1.xcdatamodel; sourceTree = "<group>"; };
		BD5FDC6128A437E0004F1CDD /* Assets.xcassets */ = {isa = PBXFileReference; lastKnownFileType = folder.assetcatalog; path = Assets.xcassets; sourceTree = "<group>"; };
		BD5FDC6428A437E0004F1CDD /* Base */ = {isa = PBXFileReference; lastKnownFileType = file.storyboard; name = Base; path = Base.lproj/LaunchScreen.storyboard; sourceTree = "<group>"; };
		BD5FDC6628A437E0004F1CDD /* Info.plist */ = {isa = PBXFileReference; lastKnownFileType = text.plist.xml; path = Info.plist; sourceTree = "<group>"; };
		BD5FDC6B28A437E1004F1CDD /* mini-project1Tests.xctest */ = {isa = PBXFileReference; explicitFileType = wrapper.cfbundle; includeInIndex = 0; path = "mini-project1Tests.xctest"; sourceTree = BUILT_PRODUCTS_DIR; };
		BD5FDC6F28A437E1004F1CDD /* mini_project1Tests.swift */ = {isa = PBXFileReference; lastKnownFileType = sourcecode.swift; path = mini_project1Tests.swift; sourceTree = "<group>"; };
		BD5FDC7528A437E1004F1CDD /* mini-project1UITests.xctest */ = {isa = PBXFileReference; explicitFileType = wrapper.cfbundle; includeInIndex = 0; path = "mini-project1UITests.xctest"; sourceTree = BUILT_PRODUCTS_DIR; };
		BD5FDC7928A437E1004F1CDD /* mini_project1UITests.swift */ = {isa = PBXFileReference; lastKnownFileType = sourcecode.swift; path = mini_project1UITests.swift; sourceTree = "<group>"; };
		BD5FDC7B28A437E1004F1CDD /* mini_project1UITestsLaunchTests.swift */ = {isa = PBXFileReference; lastKnownFileType = sourcecode.swift; path = mini_project1UITestsLaunchTests.swift; sourceTree = "<group>"; };
/* End PBXFileReference section */

/* Begin PBXFrameworksBuildPhase section */
		BD5FDC4F28A437DF004F1CDD /* Frameworks */ = {
			isa = PBXFrameworksBuildPhase;
			buildActionMask = 2147483647;
			files = (
			);
			runOnlyForDeploymentPostprocessing = 0;
		};
		BD5FDC6828A437E1004F1CDD /* Frameworks */ = {
			isa = PBXFrameworksBuildPhase;
			buildActionMask = 2147483647;
			files = (
			);
			runOnlyForDeploymentPostprocessing = 0;
		};
		BD5FDC7228A437E1004F1CDD /* Frameworks */ = {
			isa = PBXFrameworksBuildPhase;
			buildActionMask = 2147483647;
			files = (
			);
			runOnlyForDeploymentPostprocessing = 0;
		};
/* End PBXFrameworksBuildPhase section */

/* Begin PBXGroup section */
		BD5FDC4928A437DF004F1CDD = {
			isa = PBXGroup;
			children = (
				BD5FDC5428A437DF004F1CDD /* mini-project1 */,
				BD5FDC6E28A437E1004F1CDD /* mini-project1Tests */,
				BD5FDC7828A437E1004F1CDD /* mini-project1UITests */,
				BD5FDC5328A437DF004F1CDD /* Products */,
			);
			sourceTree = "<group>";
		};
		BD5FDC5328A437DF004F1CDD /* Products */ = {
			isa = PBXGroup;
			children = (
				BD5FDC5228A437DF004F1CDD /* mini-project1.app */,
				BD5FDC6B28A437E1004F1CDD /* mini-project1Tests.xctest */,
				BD5FDC7528A437E1004F1CDD /* mini-project1UITests.xctest */,
			);
			name = Products;
			sourceTree = "<group>";
		};
		BD5FDC5428A437DF004F1CDD /* mini-project1 */ = {
			isa = PBXGroup;
			children = (
				BD5FDC5528A437DF004F1CDD /* AppDelegate.swift */,
				BD5FDC5728A437DF004F1CDD /* SceneDelegate.swift */,
				BD5FDC5928A437DF004F1CDD /* ViewController.swift */,
				BD5FDC5B28A437DF004F1CDD /* Main.storyboard */,
				BD5FDC6128A437E0004F1CDD /* Assets.xcassets */,
				BD5FDC6328A437E0004F1CDD /* LaunchScreen.storyboard */,
				BD5FDC6628A437E0004F1CDD /* Info.plist */,
				BD5FDC5E28A437DF004F1CDD /* mini_project1.xcdatamodeld */,
			);
			path = "mini-project1";
			sourceTree = "<group>";
		};
		BD5FDC6E28A437E1004F1CDD /* mini-project1Tests */ = {
			isa = PBXGroup;
			children = (
				BD5FDC6F28A437E1004F1CDD /* mini_project1Tests.swift */,
			);
			path = "mini-project1Tests";
			sourceTree = "<group>";
		};
		BD5FDC7828A437E1004F1CDD /* mini-project1UITests */ = {
			isa = PBXGroup;
			children = (
				BD5FDC7928A437E1004F1CDD /* mini_project1UITests.swift */,
				BD5FDC7B28A437E1004F1CDD /* mini_project1UITestsLaunchTests.swift */,
			);
			path = "mini-project1UITests";
			sourceTree = "<group>";
		};
/* End PBXGroup section */

/* Begin PBXNativeTarget section */
		BD5FDC5128A437DF004F1CDD /* mini-project1 */ = {
			isa = PBXNativeTarget;
			buildConfigurationList = BD5FDC7F28A437E1004F1CDD /* Build configuration list for PBXNativeTarget "mini-project1" */;
			buildPhases = (
				BD5FDC4E28A437DF004F1CDD /* Sources */,
				BD5FDC4F28A437DF004F1CDD /* Frameworks */,
				BD5FDC5028A437DF004F1CDD /* Resources */,
			);
			buildRules = (
			);
			dependencies = (
			);
			name = "mini-project1";
			productName = "mini-project1";
			productReference = BD5FDC5228A437DF004F1CDD /* mini-project1.app */;
			productType = "com.apple.product-type.application";
		};
		BD5FDC6A28A437E1004F1CDD /* mini-project1Tests */ = {
			isa = PBXNativeTarget;
			buildConfigurationList = BD5FDC8228A437E1004F1CDD /* Build configuration list for PBXNativeTarget "mini-project1Tests" */;
			buildPhases = (
				BD5FDC6728A437E1004F1CDD /* Sources */,
				BD5FDC6828A437E1004F1CDD /* Frameworks */,
				BD5FDC6928A437E1004F1CDD /* Resources */,
			);
			buildRules = (
			);
			dependencies = (
				BD5FDC6D28A437E1004F1CDD /* PBXTargetDependency */,
			);
			name = "mini-project1Tests";
			productName = "mini-project1Tests";
			productReference = BD5FDC6B28A437E1004F1CDD /* mini-project1Tests.xctest */;
			productType = "com.apple.product-type.bundle.unit-test";
		};
		BD5FDC7428A437E1004F1CDD /* mini-project1UITests */ = {
			isa = PBXNativeTarget;
			buildConfigurationList = BD5FDC8528A437E1004F1CDD /* Build configuration list for PBXNativeTarget "mini-project1UITests" */;
			buildPhases = (
				BD5FDC7128A437E1004F1CDD /* Sources */,
				BD5FDC7228A437E1004F1CDD /* Frameworks */,
				BD5FDC7328A437E1004F1CDD /* Resources */,
			);
			buildRules = (
			);
			dependencies = (
				BD5FDC7728A437E1004F1CDD /* PBXTargetDependency */,
			);
			name = "mini-project1UITests";
			productName = "mini-project1UITests";
			productReference = BD5FDC7528A437E1004F1CDD /* mini-project1UITests.xctest */;
			productType = "com.apple.product-type.bundle.ui-testing";
		};
/* End PBXNativeTarget section */

/* Begin PBXProject section */
		BD5FDC4A28A437DF004F1CDD /* Project object */ = {
			isa = PBXProject;
			attributes = {
				BuildIndependentTargetsInParallel = 1;
				LastSwiftUpdateCheck = 1340;
				LastUpgradeCheck = 1340;
				TargetAttributes = {
					BD5FDC5128A437DF004F1CDD = {
						CreatedOnToolsVersion = 13.4.1;
					};
					BD5FDC6A28A437E1004F1CDD = {
						CreatedOnToolsVersion = 13.4.1;
						TestTargetID = BD5FDC5128A437DF004F1CDD;
					};
					BD5FDC7428A437E1004F1CDD = {
						CreatedOnToolsVersion = 13.4.1;
						TestTargetID = BD5FDC5128A437DF004F1CDD;
					};
				};
			};
			buildConfigurationList = BD5FDC4D28A437DF004F1CDD /* Build configuration list for PBXProject "mini-project1" */;
			compatibilityVersion = "Xcode 13.0";
			developmentRegion = en;
			hasScannedForEncodings = 0;
			knownRegions = (
				en,
				Base,
			);
			mainGroup = BD5FDC4928A437DF004F1CDD;
			productRefGroup = BD5FDC5328A437DF004F1CDD /* Products */;
			projectDirPath = "";
			projectRoot = "";
			targets = (
				BD5FDC5128A437DF004F1CDD /* mini-project1 */,
				BD5FDC6A28A437E1004F1CDD /* mini-project1Tests */,
				BD5FDC7428A437E1004F1CDD /* mini-project1UITests */,
			);
		};
/* End PBXProject section */

/* Begin PBXResourcesBuildPhase section */
		BD5FDC5028A437DF004F1CDD /* Resources */ = {
			isa = PBXResourcesBuildPhase;
			buildActionMask = 2147483647;
			files = (
				BD5FDC6528A437E0004F1CDD /* LaunchScreen.storyboard in Resources */,
				BD5FDC6228A437E0004F1CDD /* Assets.xcassets in Resources */,
				BD5FDC5D28A437DF004F1CDD /* Main.storyboard in Resources */,
			);
			runOnlyForDeploymentPostprocessing = 0;
		};
		BD5FDC6928A437E1004F1CDD /* Resources */ = {
			isa = PBXResourcesBuildPhase;
			buildActionMask = 2147483647;
			files = (
			);
			runOnlyForDeploymentPostprocessing = 0;
		};
		BD5FDC7328A437E1004F1CDD /* Resources */ = {
			isa = PBXResourcesBuildPhase;
			buildActionMask = 2147483647;
			files = (
			);
			runOnlyForDeploymentPostprocessing = 0;
		};
/* End PBXResourcesBuildPhase section */

/* Begin PBXSourcesBuildPhase section */
		BD5FDC4E28A437DF004F1CDD /* Sources */ = {
			isa = PBXSourcesBuildPhase;
			buildActionMask = 2147483647;
			files = (
				BD5FDC5A28A437DF004F1CDD /* ViewController.swift in Sources */,
				BD5FDC5628A437DF004F1CDD /* AppDelegate.swift in Sources */,
				BD5FDC6028A437DF004F1CDD /* mini_project1.xcdatamodeld in Sources */,
				BD5FDC5828A437DF004F1CDD /* SceneDelegate.swift in Sources */,
			);
			runOnlyForDeploymentPostprocessing = 0;
		};
		BD5FDC6728A437E1004F1CDD /* Sources */ = {
			isa = PBXSourcesBuildPhase;
			buildActionMask = 2147483647;
			files = (
				BD5FDC7028A437E1004F1CDD /* mini_project1Tests.swift in Sources */,
			);
			runOnlyForDeploymentPostprocessing = 0;
		};
		BD5FDC7128A437E1004F1CDD /* Sources */ = {
			isa = PBXSourcesBuildPhase;
			buildActionMask = 2147483647;
			files = (
				BD5FDC7A28A437E1004F1CDD /* mini_project1UITests.swift in Sources */,
				BD5FDC7C28A437E1004F1CDD /* mini_project1UITestsLaunchTests.swift in Sources */,
			);
			runOnlyForDeploymentPostprocessing = 0;
		};
/* End PBXSourcesBuildPhase section */

/* Begin PBXTargetDependency section */
		BD5FDC6D28A437E1004F1CDD /* PBXTargetDependency */ = {
			isa = PBXTargetDependency;
			target = BD5FDC5128A437DF004F1CDD /* mini-project1 */;
			targetProxy = BD5FDC6C28A437E1004F1CDD /* PBXContainerItemProxy */;
		};
		BD5FDC7728A437E1004F1CDD /* PBXTargetDependency */ = {
			isa = PBXTargetDependency;
			target = BD5FDC5128A437DF004F1CDD /* mini-project1 */;
			targetProxy = BD5FDC7628A437E1004F1CDD /* PBXContainerItemProxy */;
		};
/* End PBXTargetDependency section */

/* Begin PBXVariantGroup section */
		BD5FDC5B28A437DF004F1CDD /* Main.storyboard */ = {
			isa = PBXVariantGroup;
			children = (
				BD5FDC5C28A437DF004F1CDD /* Base */,
			);
			name = Main.storyboard;
			sourceTree = "<group>";
		};
		BD5FDC6328A437E0004F1CDD /* LaunchScreen.storyboard */ = {
			isa = PBXVariantGroup;
			children = (
				BD5FDC6428A437E0004F1CDD /* Base */,
			);
			name = LaunchScreen.storyboard;
			sourceTree = "<group>";
		};
/* End PBXVariantGroup section */

/* Begin XCBuildConfiguration section */
		BD5FDC7D28A437E1004F1CDD /* Debug */ = {
			isa = XCBuildConfiguration;
			buildSettings = {
				ALWAYS_SEARCH_USER_PATHS = NO;
				CLANG_ANALYZER_NONNULL = YES;
				CLANG_ANALYZER_NUMBER_OBJECT_CONVERSION = YES_AGGRESSIVE;
				CLANG_CXX_LANGUAGE_STANDARD = "gnu++17";
				CLANG_ENABLE_MODULES = YES;
				CLANG_ENABLE_OBJC_ARC = YES;
				CLANG_ENABLE_OBJC_WEAK = YES;
				CLANG_WARN_BLOCK_CAPTURE_AUTORELEASING = YES;
				CLANG_WARN_BOOL_CONVERSION = YES;
				CLANG_WARN_COMMA = YES;
				CLANG_WARN_CONSTANT_CONVERSION = YES;
				CLANG_WARN_DEPRECATED_OBJC_IMPLEMENTATIONS = YES;
				CLANG_WARN_DIRECT_OBJC_ISA_USAGE = YES_ERROR;
				CLANG_WARN_DOCUMENTATION_COMMENTS = YES;
				CLANG_WARN_EMPTY_BODY = YES;
				CLANG_WARN_ENUM_CONVERSION = YES;
				CLANG_WARN_INFINITE_RECURSION = YES;
				CLANG_WARN_INT_CONVERSION = YES;
				CLANG_WARN_NON_LITERAL_NULL_CONVERSION = YES;
				CLANG_WARN_OBJC_IMPLICIT_RETAIN_SELF = YES;
				CLANG_WARN_OBJC_LITERAL_CONVERSION = YES;
				CLANG_WARN_OBJC_ROOT_CLASS = YES_ERROR;
				CLANG_WARN_QUOTED_INCLUDE_IN_FRAMEWORK_HEADER = YES;
				CLANG_WARN_RANGE_LOOP_ANALYSIS = YES;
				CLANG_WARN_STRICT_PROTOTYPES = YES;
				CLANG_WARN_SUSPICIOUS_MOVE = YES;
				CLANG_WARN_UNGUARDED_AVAILABILITY = YES_AGGRESSIVE;
				CLANG_WARN_UNREACHABLE_CODE = YES;
				CLANG_WARN__DUPLICATE_METHOD_MATCH = YES;
				COPY_PHASE_STRIP = NO;
				DEBUG_INFORMATION_FORMAT = dwarf;
				ENABLE_STRICT_OBJC_MSGSEND = YES;
				ENABLE_TESTABILITY = YES;
				GCC_C_LANGUAGE_STANDARD = gnu11;
				GCC_DYNAMIC_NO_PIC = NO;
				GCC_NO_COMMON_BLOCKS = YES;
				GCC_OPTIMIZATION_LEVEL = 0;
				GCC_PREPROCESSOR_DEFINITIONS = (
					"DEBUG=1",
					"$(inherited)",
				);
				GCC_WARN_64_TO_32_BIT_CONVERSION = YES;
				GCC_WARN_ABOUT_RETURN_TYPE = YES_ERROR;
				GCC_WARN_UNDECLARED_SELECTOR = YES;
				GCC_WARN_UNINITIALIZED_AUTOS = YES_AGGRESSIVE;
				GCC_WARN_UNUSED_FUNCTION = YES;
				GCC_WARN_UNUSED_VARIABLE = YES;
				IPHONEOS_DEPLOYMENT_TARGET = 15.5;
				MTL_ENABLE_DEBUG_INFO = INCLUDE_SOURCE;
				MTL_FAST_MATH = YES;
				ONLY_ACTIVE_ARCH = YES;
				SDKROOT = iphoneos;
				SWIFT_ACTIVE_COMPILATION_CONDITIONS = DEBUG;
				SWIFT_OPTIMIZATION_LEVEL = "-Onone";
			};
			name = Debug;
		};
		BD5FDC7E28A437E1004F1CDD /* Release */ = {
			isa = XCBuildConfiguration;
			buildSettings = {
				ALWAYS_SEARCH_USER_PATHS = NO;
				CLANG_ANALYZER_NONNULL = YES;
				CLANG_ANALYZER_NUMBER_OBJECT_CONVERSION = YES_AGGRESSIVE;
				CLANG_CXX_LANGUAGE_STANDARD = "gnu++17";
				CLANG_ENABLE_MODULES = YES;
				CLANG_ENABLE_OBJC_ARC = YES;
				CLANG_ENABLE_OBJC_WEAK = YES;
				CLANG_WARN_BLOCK_CAPTURE_AUTORELEASING = YES;
				CLANG_WARN_BOOL_CONVERSION = YES;
				CLANG_WARN_COMMA = YES;
				CLANG_WARN_CONSTANT_CONVERSION = YES;
				CLANG_WARN_DEPRECATED_OBJC_IMPLEMENTATIONS = YES;
				CLANG_WARN_DIRECT_OBJC_ISA_USAGE = YES_ERROR;
				CLANG_WARN_DOCUMENTATION_COMMENTS = YES;
				CLANG_WARN_EMPTY_BODY = YES;
				CLANG_WARN_ENUM_CONVERSION = YES;
				CLANG_WARN_INFINITE_RECURSION = YES;
				CLANG_WARN_INT_CONVERSION = YES;
				CLANG_WARN_NON_LITERAL_NULL_CONVERSION = YES;
				CLANG_WARN_OBJC_IMPLICIT_RETAIN_SELF = YES;
				CLANG_WARN_OBJC_LITERAL_CONVERSION = YES;
				CLANG_WARN_OBJC_ROOT_CLASS = YES_ERROR;
				CLANG_WARN_QUOTED_INCLUDE_IN_FRAMEWORK_HEADER = YES;
				CLANG_WARN_RANGE_LOOP_ANALYSIS = YES;
				CLANG_WARN_STRICT_PROTOTYPES = YES;
				CLANG_WARN_SUSPICIOUS_MOVE = YES;
				CLANG_WARN_UNGUARDED_AVAILABILITY = YES_AGGRESSIVE;
				CLANG_WARN_UNREACHABLE_CODE = YES;
				CLANG_WARN__DUPLICATE_METHOD_MATCH = YES;
				COPY_PHASE_STRIP = NO;
				DEBUG_INFORMATION_FORMAT = "dwarf-with-dsym";
				ENABLE_NS_ASSERTIONS = NO;
				ENABLE_STRICT_OBJC_MSGSEND = YES;
				GCC_C_LANGUAGE_STANDARD = gnu11;
				GCC_NO_COMMON_BLOCKS = YES;
				GCC_WARN_64_TO_32_BIT_CONVERSION = YES;
				GCC_WARN_ABOUT_RETURN_TYPE = YES_ERROR;
				GCC_WARN_UNDECLARED_SELECTOR = YES;
				GCC_WARN_UNINITIALIZED_AUTOS = YES_AGGRESSIVE;
				GCC_WARN_UNUSED_FUNCTION = YES;
				GCC_WARN_UNUSED_VARIABLE = YES;
				IPHONEOS_DEPLOYMENT_TARGET = 15.5;
				MTL_ENABLE_DEBUG_INFO = NO;
				MTL_FAST_MATH = YES;
				SDKROOT = iphoneos;
				SWIFT_COMPILATION_MODE = wholemodule;
				SWIFT_OPTIMIZATION_LEVEL = "-O";
				VALIDATE_PRODUCT = YES;
			};
			name = Release;
		};
		BD5FDC8028A437E1004F1CDD /* Debug */ = {
			isa = XCBuildConfiguration;
			buildSettings = {
				ASSETCATALOG_COMPILER_APPICON_NAME = AppIcon;
				ASSETCATALOG_COMPILER_GLOBAL_ACCENT_COLOR_NAME = AccentColor;
				CODE_SIGN_STYLE = Automatic;
				CURRENT_PROJECT_VERSION = 1;
				GENERATE_INFOPLIST_FILE = YES;
				INFOPLIST_FILE = "mini-project1/Info.plist";
				INFOPLIST_KEY_UIApplicationSupportsIndirectInputEvents = YES;
				INFOPLIST_KEY_UILaunchStoryboardName = LaunchScreen;
				INFOPLIST_KEY_UIMainStoryboardFile = Main;
				INFOPLIST_KEY_UISupportedInterfaceOrientations_iPad = "UIInterfaceOrientationPortrait UIInterfaceOrientationPortraitUpsideDown UIInterfaceOrientationLandscapeLeft UIInterfaceOrientationLandscapeRight";
				INFOPLIST_KEY_UISupportedInterfaceOrientations_iPhone = "UIInterfaceOrientationPortrait UIInterfaceOrientationLandscapeLeft UIInterfaceOrientationLandscapeRight";
				LD_RUNPATH_SEARCH_PATHS = (
					"$(inherited)",
					"@executable_path/Frameworks",
				);
				MARKETING_VERSION = 1.0;
				PRODUCT_BUNDLE_IDENTIFIER = "kwk.mini-project1";
				PRODUCT_NAME = "$(TARGET_NAME)";
				SWIFT_EMIT_LOC_STRINGS = YES;
				SWIFT_VERSION = 5.0;
				TARGETED_DEVICE_FAMILY = "1,2";
			};
			name = Debug;
		};
		BD5FDC8128A437E1004F1CDD /* Release */ = {
			isa = XCBuildConfiguration;
			buildSettings = {
				ASSETCATALOG_COMPILER_APPICON_NAME = AppIcon;
				ASSETCATALOG_COMPILER_GLOBAL_ACCENT_COLOR_NAME = AccentColor;
				CODE_SIGN_STYLE = Automatic;
				CURRENT_PROJECT_VERSION = 1;
				GENERATE_INFOPLIST_FILE = YES;
				INFOPLIST_FILE = "mini-project1/Info.plist";
				INFOPLIST_KEY_UIApplicationSupportsIndirectInputEvents = YES;
				INFOPLIST_KEY_UILaunchStoryboardName = LaunchScreen;
				INFOPLIST_KEY_UIMainStoryboardFile = Main;
				INFOPLIST_KEY_UISupportedInterfaceOrientations_iPad = "UIInterfaceOrientationPortrait UIInterfaceOrientationPortraitUpsideDown UIInterfaceOrientationLandscapeLeft UIInterfaceOrientationLandscapeRight";
				INFOPLIST_KEY_UISupportedInterfaceOrientations_iPhone = "UIInterfaceOrientationPortrait UIInterfaceOrientationLandscapeLeft UIInterfaceOrientationLandscapeRight";
				LD_RUNPATH_SEARCH_PATHS = (
					"$(inherited)",
					"@executable_path/Frameworks",
				);
				MARKETING_VERSION = 1.0;
				PRODUCT_BUNDLE_IDENTIFIER = "kwk.mini-project1";
				PRODUCT_NAME = "$(TARGET_NAME)";
				SWIFT_EMIT_LOC_STRINGS = YES;
				SWIFT_VERSION = 5.0;
				TARGETED_DEVICE_FAMILY = "1,2";
			};
			name = Release;
		};
		BD5FDC8328A437E1004F1CDD /* Debug */ = {
			isa = XCBuildConfiguration;
			buildSettings = {
				ALWAYS_EMBED_SWIFT_STANDARD_LIBRARIES = YES;
				BUNDLE_LOADER = "$(TEST_HOST)";
				CODE_SIGN_STYLE = Automatic;
				CURRENT_PROJECT_VERSION = 1;
				GENERATE_INFOPLIST_FILE = YES;
				IPHONEOS_DEPLOYMENT_TARGET = 15.5;
				MARKETING_VERSION = 1.0;
				PRODUCT_BUNDLE_IDENTIFIER = "kwk.mini-project1Tests";
				PRODUCT_NAME = "$(TARGET_NAME)";
				SWIFT_EMIT_LOC_STRINGS = NO;
				SWIFT_VERSION = 5.0;
				TARGETED_DEVICE_FAMILY = "1,2";
				TEST_HOST = "$(BUILT_PRODUCTS_DIR)/mini-project1.app/mini-project1";
			};
			name = Debug;
		};
		BD5FDC8428A437E1004F1CDD /* Release */ = {
			isa = XCBuildConfiguration;
			buildSettings = {
				ALWAYS_EMBED_SWIFT_STANDARD_LIBRARIES = YES;
				BUNDLE_LOADER = "$(TEST_HOST)";
				CODE_SIGN_STYLE = Automatic;
				CURRENT_PROJECT_VERSION = 1;
				GENERATE_INFOPLIST_FILE = YES;
				IPHONEOS_DEPLOYMENT_TARGET = 15.5;
				MARKETING_VERSION = 1.0;
				PRODUCT_BUNDLE_IDENTIFIER = "kwk.mini-project1Tests";
				PRODUCT_NAME = "$(TARGET_NAME)";
				SWIFT_EMIT_LOC_STRINGS = NO;
				SWIFT_VERSION = 5.0;
				TARGETED_DEVICE_FAMILY = "1,2";
				TEST_HOST = "$(BUILT_PRODUCTS_DIR)/mini-project1.app/mini-project1";
			};
			name = Release;
		};
		BD5FDC8628A437E1004F1CDD /* Debug */ = {
			isa = XCBuildConfiguration;
			buildSettings = {
				ALWAYS_EMBED_SWIFT_STANDARD_LIBRARIES = YES;
				CODE_SIGN_STYLE = Automatic;
				CURRENT_PROJECT_VERSION = 1;
				GENERATE_INFOPLIST_FILE = YES;
				MARKETING_VERSION = 1.0;
				PRODUCT_BUNDLE_IDENTIFIER = "kwk.mini-project1UITests";
				PRODUCT_NAME = "$(TARGET_NAME)";
				SWIFT_EMIT_LOC_STRINGS = NO;
				SWIFT_VERSION = 5.0;
				TARGETED_DEVICE_FAMILY = "1,2";
				TEST_TARGET_NAME = "mini-project1";
			};
			name = Debug;
		};
		BD5FDC8728A437E1004F1CDD /* Release */ = {
			isa = XCBuildConfiguration;
			buildSettings = {
				ALWAYS_EMBED_SWIFT_STANDARD_LIBRARIES = YES;
				CODE_SIGN_STYLE = Automatic;
				CURRENT_PROJECT_VERSION = 1;
				GENERATE_INFOPLIST_FILE = YES;
				MARKETING_VERSION = 1.0;
				PRODUCT_BUNDLE_IDENTIFIER = "kwk.mini-project1UITests";
				PRODUCT_NAME = "$(TARGET_NAME)";
				SWIFT_EMIT_LOC_STRINGS = NO;
				SWIFT_VERSION = 5.0;
				TARGETED_DEVICE_FAMILY = "1,2";
				TEST_TARGET_NAME = "mini-project1";
			};
			name = Release;
		};
/* End XCBuildConfiguration section */

/* Begin XCConfigurationList section */
		BD5FDC4D28A437DF004F1CDD /* Build configuration list for PBXProject "mini-project1" */ = {
			isa = XCConfigurationList;
			buildConfigurations = (
				BD5FDC7D28A437E1004F1CDD /* Debug */,
				BD5FDC7E28A437E1004F1CDD /* Release */,
			);
			defaultConfigurationIsVisible = 0;
			defaultConfigurationName = Release;
		};
		BD5FDC7F28A437E1004F1CDD /* Build configuration list for PBXNativeTarget "mini-project1" */ = {
			isa = XCConfigurationList;
			buildConfigurations = (
				BD5FDC8028A437E1004F1CDD /* Debug */,
				BD5FDC8128A437E1004F1CDD /* Release */,
			);
			defaultConfigurationIsVisible = 0;
			defaultConfigurationName = Release;
		};
		BD5FDC8228A437E1004F1CDD /* Build configuration list for PBXNativeTarget "mini-project1Tests" */ = {
			isa = XCConfigurationList;
			buildConfigurations = (
				BD5FDC8328A437E1004F1CDD /* Debug */,
				BD5FDC8428A437E1004F1CDD /* Release */,
			);
			defaultConfigurationIsVisible = 0;
			defaultConfigurationName = Release;
		};
		BD5FDC8528A437E1004F1CDD /* Build configuration list for PBXNativeTarget "mini-project1UITests" */ = {
			isa = XCConfigurationList;
			buildConfigurations = (
				BD5FDC8628A437E1004F1CDD /* Debug */,
				BD5FDC8728A437E1004F1CDD /* Release */,
			);
			defaultConfigurationIsVisible = 0;
			defaultConfigurationName = Release;
		};
/* End XCConfigurationList section */

/* Begin XCVersionGroup section */
		BD5FDC5E28A437DF004F1CDD /* mini_project1.xcdatamodeld */ = {
			isa = XCVersionGroup;
			children = (
				BD5FDC5F28A437DF004F1CDD /* mini_project1.xcdatamodel */,
			);
			currentVersion = BD5FDC5F28A437DF004F1CDD /* mini_project1.xcdatamodel */;
			path = mini_project1.xcdatamodeld;
			sourceTree = "<group>";
			versionGroupType = wrapper.xcdatamodel;
		};
/* End XCVersionGroup section */
	};
	rootObject = BD5FDC4A28A437DF004F1CDD /* Project object */;
}
